// !$*UTF8*$!
{
	archiveVersion = 1;
	classes = {
	};
	objectVersion = 56;
	objects = {

/* Begin PBXBuildFile section */
		3BB337D2859872AFAC0F6268 /* Pods_SejongCommunity.framework in Frameworks */ = {isa = PBXBuildFile; fileRef = AE13DF38BA29EA33DC36E417 /* Pods_SejongCommunity.framework */; };
		E4021E6B2A6F8B1000FFEAB2 /* OpenBoardViewController.swift in Sources */ = {isa = PBXBuildFile; fileRef = E4021E6A2A6F8B1000FFEAB2 /* OpenBoardViewController.swift */; };
		E4021E712A6F8B5100FFEAB2 /* CouncilBoardViewController.swift in Sources */ = {isa = PBXBuildFile; fileRef = E4021E702A6F8B5100FFEAB2 /* CouncilBoardViewController.swift */; };
		E4021E752A750A4F00FFEAB2 /* CouncilRegisterViewController.swift in Sources */ = {isa = PBXBuildFile; fileRef = E4021E742A750A4F00FFEAB2 /* CouncilRegisterViewController.swift */; };
		E4021E782A76414400FFEAB2 /* PostDetailViewController.swift in Sources */ = {isa = PBXBuildFile; fileRef = E4021E772A76414400FFEAB2 /* PostDetailViewController.swift */; };
		E4021E7A2A76494000FFEAB2 /* OpenWtireViewController.swift in Sources */ = {isa = PBXBuildFile; fileRef = E4021E792A76494000FFEAB2 /* OpenWtireViewController.swift */; };
		E4021E7C2A76B7D300FFEAB2 /* CustomTableViewCell.swift in Sources */ = {isa = PBXBuildFile; fileRef = E4021E7B2A76B7D300FFEAB2 /* CustomTableViewCell.swift */; };
		E4021EC92A9208A000FFEAB2 /* LoginIntroViewController.swift in Sources */ = {isa = PBXBuildFile; fileRef = E4021EC82A9208A000FFEAB2 /* LoginIntroViewController.swift */; };
		E4021ECB2A9208B100FFEAB2 /* LoginViewController.swift in Sources */ = {isa = PBXBuildFile; fileRef = E4021ECA2A9208B100FFEAB2 /* LoginViewController.swift */; };
		E4021ECF2A9F3B6500FFEAB2 /* VoteViewController.swift in Sources */ = {isa = PBXBuildFile; fileRef = E4021ECE2A9F3B6500FFEAB2 /* VoteViewController.swift */; };
		E4021ED32A9F429000FFEAB2 /* VotePostDetailViewController.swift in Sources */ = {isa = PBXBuildFile; fileRef = E4021ED22A9F429000FFEAB2 /* VotePostDetailViewController.swift */; };
		E4021ED52A9F437200FFEAB2 /* VoteBoardWriteViewController.swift in Sources */ = {isa = PBXBuildFile; fileRef = E4021ED42A9F437200FFEAB2 /* VoteBoardWriteViewController.swift */; };
		E4021ED72AA5BE4F00FFEAB2 /* NotificationViewController.swift in Sources */ = {isa = PBXBuildFile; fileRef = E4021ED62AA5BE4F00FFEAB2 /* NotificationViewController.swift */; };
		E472375E2AB83DA5003BD82B /* WebViewController.swift in Sources */ = {isa = PBXBuildFile; fileRef = E472375D2AB83DA5003BD82B /* WebViewController.swift */; };
		E47237612AB972DE003BD82B /* MyWriteViewController.swift in Sources */ = {isa = PBXBuildFile; fileRef = E47237602AB972DE003BD82B /* MyWriteViewController.swift */; };
		E47237632ABC0823003BD82B /* NetworkManager.swift in Sources */ = {isa = PBXBuildFile; fileRef = E47237622ABC0823003BD82B /* NetworkManager.swift */; };
		E4D466572AAB08B6003E5DD9 /* AuthenticationManager.swift in Sources */ = {isa = PBXBuildFile; fileRef = E4D466562AAB08B6003E5DD9 /* AuthenticationManager.swift */; };
		E4D4665A2AB1B7DA003E5DD9 /* FSCalendar in Frameworks */ = {isa = PBXBuildFile; productRef = E4D466592AB1B7DA003E5DD9 /* FSCalendar */; };
		F12465102A67BAB500037D8C /* AppDelegate.swift in Sources */ = {isa = PBXBuildFile; fileRef = F124650F2A67BAB500037D8C /* AppDelegate.swift */; };
		F12465122A67BAB500037D8C /* SceneDelegate.swift in Sources */ = {isa = PBXBuildFile; fileRef = F12465112A67BAB500037D8C /* SceneDelegate.swift */; };
		F12465192A67BAB600037D8C /* Assets.xcassets in Resources */ = {isa = PBXBuildFile; fileRef = F12465182A67BAB600037D8C /* Assets.xcassets */; };
		F124651C2A67BAB600037D8C /* LaunchScreen.storyboard in Resources */ = {isa = PBXBuildFile; fileRef = F124651A2A67BAB600037D8C /* LaunchScreen.storyboard */; };
		F154DA9B2A6D244100B6C7F0 /* MainTabBarController.swift in Sources */ = {isa = PBXBuildFile; fileRef = F154DA9A2A6D244100B6C7F0 /* MainTabBarController.swift */; };
		F154DA9D2A6D2B4400B6C7F0 /* MainViewController.swift in Sources */ = {isa = PBXBuildFile; fileRef = F154DA9C2A6D2B4400B6C7F0 /* MainViewController.swift */; };
		F154DAA02A6D2BE800B6C7F0 /* ChatViewController.swift in Sources */ = {isa = PBXBuildFile; fileRef = F154DA9F2A6D2BE800B6C7F0 /* ChatViewController.swift */; };
		F154DAA22A6D2C0A00B6C7F0 /* MypageViewController.swift in Sources */ = {isa = PBXBuildFile; fileRef = F154DAA12A6D2C0A00B6C7F0 /* MypageViewController.swift */; };
		F16FE9EF2A70FEEE005F194C /* OfficeDetailsViewController.swift in Sources */ = {isa = PBXBuildFile; fileRef = F16FE9EE2A70FEEE005F194C /* OfficeDetailsViewController.swift */; };
		F16FE9F12A70FF1B005F194C /* PledgeBoardViewController.swift in Sources */ = {isa = PBXBuildFile; fileRef = F16FE9F02A70FF1B005F194C /* PledgeBoardViewController.swift */; };
		F1E547282A7E780A00671182 /* PledgeTableViewCell.swift in Sources */ = {isa = PBXBuildFile; fileRef = F1E547272A7E780A00671182 /* PledgeTableViewCell.swift */; };
		F1E5472C2A82680B00671182 /* OfficeDetailsTableViewCell.swift in Sources */ = {isa = PBXBuildFile; fileRef = F1E5472B2A82680B00671182 /* OfficeDetailsTableViewCell.swift */; };
		F1E5472E2A8275E300671182 /* OfficeDetailsCellTappedViewController.swift in Sources */ = {isa = PBXBuildFile; fileRef = F1E5472D2A8275E300671182 /* OfficeDetailsCellTappedViewController.swift */; };
		F1E547332A84C11B00671182 /* DepartBoardViewController.swift in Sources */ = {isa = PBXBuildFile; fileRef = F1E547322A84C11B00671182 /* DepartBoardViewController.swift */; };
		F1E547352A84C13D00671182 /* DepartOpenWriteViewController.swift in Sources */ = {isa = PBXBuildFile; fileRef = F1E547342A84C13D00671182 /* DepartOpenWriteViewController.swift */; };
		F1E547372A84C15400671182 /* DepartPostDetailViewController.swift in Sources */ = {isa = PBXBuildFile; fileRef = F1E547362A84C15400671182 /* DepartPostDetailViewController.swift */; };
		F1E547452A9373B300671182 /* ChatTableViewCell.swift in Sources */ = {isa = PBXBuildFile; fileRef = F1E547442A9373B300671182 /* ChatTableViewCell.swift */; };
		F1E547472A937B8000671182 /* ChatRoomViewController.swift in Sources */ = {isa = PBXBuildFile; fileRef = F1E547462A937B8000671182 /* ChatRoomViewController.swift */; };
		F1E5477F2AA0878700671182 /* ProfessorBoardViewController.swift in Sources */ = {isa = PBXBuildFile; fileRef = F1E5477E2AA0878700671182 /* ProfessorBoardViewController.swift */; };
		F1E547812AA08B7200671182 /* ProfessorCollectionViewCell.swift in Sources */ = {isa = PBXBuildFile; fileRef = F1E547802AA08B7200671182 /* ProfessorCollectionViewCell.swift */; };
		F1E547892AAF289700671182 /* ProfessorInfoViewController.swift in Sources */ = {isa = PBXBuildFile; fileRef = F1E547882AAF289700671182 /* ProfessorInfoViewController.swift */; };
		F1E5478B2AAF3CB900671182 /* ProfessorClassTableViewCell.swift in Sources */ = {isa = PBXBuildFile; fileRef = F1E5478A2AAF3CB900671182 /* ProfessorClassTableViewCell.swift */; };
		F1E5478D2AB1EC5A00671182 /* ProfessorDetailClassViewController.swift in Sources */ = {isa = PBXBuildFile; fileRef = F1E5478C2AB1EC5A00671182 /* ProfessorDetailClassViewController.swift */; };
		F1E5478F2AB8640800671182 /* ProfessorReviewTableViewCell.swift in Sources */ = {isa = PBXBuildFile; fileRef = F1E5478E2AB8640800671182 /* ProfessorReviewTableViewCell.swift */; };
		F1E547962AB9BC8E00671182 /* WriteOfficeDetailsViewController.swift in Sources */ = {isa = PBXBuildFile; fileRef = F1E547952AB9BC8E00671182 /* WriteOfficeDetailsViewController.swift */; };
		F1E547982AC1A3BD00671182 /* PledgeBoardMenuCollectionViewCell.swift in Sources */ = {isa = PBXBuildFile; fileRef = F1E547972AC1A3BD00671182 /* PledgeBoardMenuCollectionViewCell.swift */; };
/* End PBXBuildFile section */

/* Begin PBXFileReference section */
		0B32C66B2BBF22586B302105 /* Pods-SejongCommunity.release.xcconfig */ = {isa = PBXFileReference; includeInIndex = 1; lastKnownFileType = text.xcconfig; name = "Pods-SejongCommunity.release.xcconfig"; path = "Target Support Files/Pods-SejongCommunity/Pods-SejongCommunity.release.xcconfig"; sourceTree = "<group>"; };
		AE13DF38BA29EA33DC36E417 /* Pods_SejongCommunity.framework */ = {isa = PBXFileReference; explicitFileType = wrapper.framework; includeInIndex = 0; path = Pods_SejongCommunity.framework; sourceTree = BUILT_PRODUCTS_DIR; };
		E4021E6A2A6F8B1000FFEAB2 /* OpenBoardViewController.swift */ = {isa = PBXFileReference; lastKnownFileType = sourcecode.swift; path = OpenBoardViewController.swift; sourceTree = "<group>"; };
		E4021E702A6F8B5100FFEAB2 /* CouncilBoardViewController.swift */ = {isa = PBXFileReference; lastKnownFileType = sourcecode.swift; path = CouncilBoardViewController.swift; sourceTree = "<group>"; };
		E4021E742A750A4F00FFEAB2 /* CouncilRegisterViewController.swift */ = {isa = PBXFileReference; lastKnownFileType = sourcecode.swift; path = CouncilRegisterViewController.swift; sourceTree = "<group>"; };
		E4021E772A76414400FFEAB2 /* PostDetailViewController.swift */ = {isa = PBXFileReference; lastKnownFileType = sourcecode.swift; path = PostDetailViewController.swift; sourceTree = "<group>"; };
		E4021E792A76494000FFEAB2 /* OpenWtireViewController.swift */ = {isa = PBXFileReference; lastKnownFileType = sourcecode.swift; path = OpenWtireViewController.swift; sourceTree = "<group>"; };
		E4021E7B2A76B7D300FFEAB2 /* CustomTableViewCell.swift */ = {isa = PBXFileReference; lastKnownFileType = sourcecode.swift; path = CustomTableViewCell.swift; sourceTree = "<group>"; };
		E4021EC82A9208A000FFEAB2 /* LoginIntroViewController.swift */ = {isa = PBXFileReference; lastKnownFileType = sourcecode.swift; path = LoginIntroViewController.swift; sourceTree = "<group>"; };
		E4021ECA2A9208B100FFEAB2 /* LoginViewController.swift */ = {isa = PBXFileReference; lastKnownFileType = sourcecode.swift; path = LoginViewController.swift; sourceTree = "<group>"; };
		E4021ECE2A9F3B6500FFEAB2 /* VoteViewController.swift */ = {isa = PBXFileReference; lastKnownFileType = sourcecode.swift; path = VoteViewController.swift; sourceTree = "<group>"; };
		E4021ED22A9F429000FFEAB2 /* VotePostDetailViewController.swift */ = {isa = PBXFileReference; lastKnownFileType = sourcecode.swift; path = VotePostDetailViewController.swift; sourceTree = "<group>"; };
		E4021ED42A9F437200FFEAB2 /* VoteBoardWriteViewController.swift */ = {isa = PBXFileReference; lastKnownFileType = sourcecode.swift; path = VoteBoardWriteViewController.swift; sourceTree = "<group>"; };
		E4021ED62AA5BE4F00FFEAB2 /* NotificationViewController.swift */ = {isa = PBXFileReference; lastKnownFileType = sourcecode.swift; path = NotificationViewController.swift; sourceTree = "<group>"; };
		E472375D2AB83DA5003BD82B /* WebViewController.swift */ = {isa = PBXFileReference; lastKnownFileType = sourcecode.swift; path = WebViewController.swift; sourceTree = "<group>"; };
		E47237602AB972DE003BD82B /* MyWriteViewController.swift */ = {isa = PBXFileReference; lastKnownFileType = sourcecode.swift; path = MyWriteViewController.swift; sourceTree = "<group>"; };
		E47237622ABC0823003BD82B /* NetworkManager.swift */ = {isa = PBXFileReference; lastKnownFileType = sourcecode.swift; path = NetworkManager.swift; sourceTree = "<group>"; };
		E4D466562AAB08B6003E5DD9 /* AuthenticationManager.swift */ = {isa = PBXFileReference; lastKnownFileType = sourcecode.swift; path = AuthenticationManager.swift; sourceTree = "<group>"; };
		E8AB31AE70865DF44DB53231 /* Pods-SejongCommunity.debug.xcconfig */ = {isa = PBXFileReference; includeInIndex = 1; lastKnownFileType = text.xcconfig; name = "Pods-SejongCommunity.debug.xcconfig"; path = "Target Support Files/Pods-SejongCommunity/Pods-SejongCommunity.debug.xcconfig"; sourceTree = "<group>"; };
		F124650C2A67BAB500037D8C /* SejongCommunity.app */ = {isa = PBXFileReference; explicitFileType = wrapper.application; includeInIndex = 0; path = SejongCommunity.app; sourceTree = BUILT_PRODUCTS_DIR; };
		F124650F2A67BAB500037D8C /* AppDelegate.swift */ = {isa = PBXFileReference; lastKnownFileType = sourcecode.swift; path = AppDelegate.swift; sourceTree = "<group>"; };
		F12465112A67BAB500037D8C /* SceneDelegate.swift */ = {isa = PBXFileReference; lastKnownFileType = sourcecode.swift; path = SceneDelegate.swift; sourceTree = "<group>"; };
		F12465182A67BAB600037D8C /* Assets.xcassets */ = {isa = PBXFileReference; lastKnownFileType = folder.assetcatalog; path = Assets.xcassets; sourceTree = "<group>"; };
		F124651B2A67BAB600037D8C /* Base */ = {isa = PBXFileReference; lastKnownFileType = file.storyboard; name = Base; path = Base.lproj/LaunchScreen.storyboard; sourceTree = "<group>"; };
		F124651D2A67BAB600037D8C /* Info.plist */ = {isa = PBXFileReference; lastKnownFileType = text.plist.xml; path = Info.plist; sourceTree = "<group>"; };
		F154DA9A2A6D244100B6C7F0 /* MainTabBarController.swift */ = {isa = PBXFileReference; lastKnownFileType = sourcecode.swift; path = MainTabBarController.swift; sourceTree = "<group>"; };
		F154DA9C2A6D2B4400B6C7F0 /* MainViewController.swift */ = {isa = PBXFileReference; lastKnownFileType = sourcecode.swift; path = MainViewController.swift; sourceTree = "<group>"; };
		F154DA9F2A6D2BE800B6C7F0 /* ChatViewController.swift */ = {isa = PBXFileReference; lastKnownFileType = sourcecode.swift; path = ChatViewController.swift; sourceTree = "<group>"; };
		F154DAA12A6D2C0A00B6C7F0 /* MypageViewController.swift */ = {isa = PBXFileReference; lastKnownFileType = sourcecode.swift; path = MypageViewController.swift; sourceTree = "<group>"; };
		F16FE9EE2A70FEEE005F194C /* OfficeDetailsViewController.swift */ = {isa = PBXFileReference; lastKnownFileType = sourcecode.swift; path = OfficeDetailsViewController.swift; sourceTree = "<group>"; };
		F16FE9F02A70FF1B005F194C /* PledgeBoardViewController.swift */ = {isa = PBXFileReference; lastKnownFileType = sourcecode.swift; path = PledgeBoardViewController.swift; sourceTree = "<group>"; };
		F1E547272A7E780A00671182 /* PledgeTableViewCell.swift */ = {isa = PBXFileReference; lastKnownFileType = sourcecode.swift; path = PledgeTableViewCell.swift; sourceTree = "<group>"; };
		F1E5472B2A82680B00671182 /* OfficeDetailsTableViewCell.swift */ = {isa = PBXFileReference; lastKnownFileType = sourcecode.swift; path = OfficeDetailsTableViewCell.swift; sourceTree = "<group>"; };
		F1E5472D2A8275E300671182 /* OfficeDetailsCellTappedViewController.swift */ = {isa = PBXFileReference; lastKnownFileType = sourcecode.swift; path = OfficeDetailsCellTappedViewController.swift; sourceTree = "<group>"; };
		F1E547322A84C11B00671182 /* DepartBoardViewController.swift */ = {isa = PBXFileReference; lastKnownFileType = sourcecode.swift; path = DepartBoardViewController.swift; sourceTree = "<group>"; };
		F1E547342A84C13D00671182 /* DepartOpenWriteViewController.swift */ = {isa = PBXFileReference; lastKnownFileType = sourcecode.swift; path = DepartOpenWriteViewController.swift; sourceTree = "<group>"; };
		F1E547362A84C15400671182 /* DepartPostDetailViewController.swift */ = {isa = PBXFileReference; lastKnownFileType = sourcecode.swift; path = DepartPostDetailViewController.swift; sourceTree = "<group>"; };
		F1E547442A9373B300671182 /* ChatTableViewCell.swift */ = {isa = PBXFileReference; lastKnownFileType = sourcecode.swift; path = ChatTableViewCell.swift; sourceTree = "<group>"; };
		F1E547462A937B8000671182 /* ChatRoomViewController.swift */ = {isa = PBXFileReference; lastKnownFileType = sourcecode.swift; path = ChatRoomViewController.swift; sourceTree = "<group>"; };
		F1E5477E2AA0878700671182 /* ProfessorBoardViewController.swift */ = {isa = PBXFileReference; lastKnownFileType = sourcecode.swift; path = ProfessorBoardViewController.swift; sourceTree = "<group>"; };
		F1E547802AA08B7200671182 /* ProfessorCollectionViewCell.swift */ = {isa = PBXFileReference; lastKnownFileType = sourcecode.swift; path = ProfessorCollectionViewCell.swift; sourceTree = "<group>"; };
		F1E547882AAF289700671182 /* ProfessorInfoViewController.swift */ = {isa = PBXFileReference; lastKnownFileType = sourcecode.swift; path = ProfessorInfoViewController.swift; sourceTree = "<group>"; };
		F1E5478A2AAF3CB900671182 /* ProfessorClassTableViewCell.swift */ = {isa = PBXFileReference; lastKnownFileType = sourcecode.swift; path = ProfessorClassTableViewCell.swift; sourceTree = "<group>"; };
		F1E5478C2AB1EC5A00671182 /* ProfessorDetailClassViewController.swift */ = {isa = PBXFileReference; lastKnownFileType = sourcecode.swift; path = ProfessorDetailClassViewController.swift; sourceTree = "<group>"; };
		F1E5478E2AB8640800671182 /* ProfessorReviewTableViewCell.swift */ = {isa = PBXFileReference; lastKnownFileType = sourcecode.swift; path = ProfessorReviewTableViewCell.swift; sourceTree = "<group>"; };
		F1E547952AB9BC8E00671182 /* WriteOfficeDetailsViewController.swift */ = {isa = PBXFileReference; lastKnownFileType = sourcecode.swift; path = WriteOfficeDetailsViewController.swift; sourceTree = "<group>"; };
		F1E547972AC1A3BD00671182 /* PledgeBoardMenuCollectionViewCell.swift */ = {isa = PBXFileReference; lastKnownFileType = sourcecode.swift; path = PledgeBoardMenuCollectionViewCell.swift; sourceTree = "<group>"; };
/* End PBXFileReference section */

/* Begin PBXFrameworksBuildPhase section */
		F12465092A67BAB500037D8C /* Frameworks */ = {
			isa = PBXFrameworksBuildPhase;
			buildActionMask = 2147483647;
			files = (
				3BB337D2859872AFAC0F6268 /* Pods_SejongCommunity.framework in Frameworks */,
				E4D4665A2AB1B7DA003E5DD9 /* FSCalendar in Frameworks */,
			);
			runOnlyForDeploymentPostprocessing = 0;
		};
/* End PBXFrameworksBuildPhase section */

/* Begin PBXGroup section */
		326442ED12FEEED8B182975A /* Frameworks */ = {
			isa = PBXGroup;
			children = (
				AE13DF38BA29EA33DC36E417 /* Pods_SejongCommunity.framework */,
			);
			name = Frameworks;
			sourceTree = "<group>";
		};
		569F81C5A36B2C7C0CF94C7C /* Pods */ = {
			isa = PBXGroup;
			children = (
				E8AB31AE70865DF44DB53231 /* Pods-SejongCommunity.debug.xcconfig */,
				0B32C66B2BBF22586B302105 /* Pods-SejongCommunity.release.xcconfig */,
			);
			path = Pods;
			sourceTree = "<group>";
		};
		E4021E722A6F8B6700FFEAB2 /* BoardVC */ = {
			isa = PBXGroup;
			children = (
				E4021E7B2A76B7D300FFEAB2 /* CustomTableViewCell.swift */,
				F1E5473B2A84C3E500671182 /* ProfessorBoard */,
				F1E547392A84C31900671182 /* CouncilBoard */,
				F1E547312A84C0A900671182 /* DepartsBoard */,
				E4021E762A763D2400FFEAB2 /* OpenBoard */,
			);
			path = BoardVC;
			sourceTree = "<group>";
		};
		E4021E732A750A2B00FFEAB2 /* MyPageVC */ = {
			isa = PBXGroup;
			children = (
				E4021E742A750A4F00FFEAB2 /* CouncilRegisterViewController.swift */,
				F154DAA12A6D2C0A00B6C7F0 /* MypageViewController.swift */,
				E47237602AB972DE003BD82B /* MyWriteViewController.swift */,
			);
			path = MyPageVC;
			sourceTree = "<group>";
		};
		E4021E762A763D2400FFEAB2 /* OpenBoard */ = {
			isa = PBXGroup;
			children = (
				E4021E6A2A6F8B1000FFEAB2 /* OpenBoardViewController.swift */,
				E4021E792A76494000FFEAB2 /* OpenWtireViewController.swift */,
				E4021E772A76414400FFEAB2 /* PostDetailViewController.swift */,
			);
			path = OpenBoard;
			sourceTree = "<group>";
		};
		E4021EC72A92088400FFEAB2 /* LoginVC */ = {
			isa = PBXGroup;
			children = (
				E4021EC82A9208A000FFEAB2 /* LoginIntroViewController.swift */,
				E4021ECA2A9208B100FFEAB2 /* LoginViewController.swift */,
				E4D466562AAB08B6003E5DD9 /* AuthenticationManager.swift */,
			);
			path = LoginVC;
			sourceTree = "<group>";
		};
		E4021ED02A9F425C00FFEAB2 /* DepartBoard */ = {
			isa = PBXGroup;
			children = (
				F1E547322A84C11B00671182 /* DepartBoardViewController.swift */,
				F1E547342A84C13D00671182 /* DepartOpenWriteViewController.swift */,
				F1E547362A84C15400671182 /* DepartPostDetailViewController.swift */,
			);
			path = DepartBoard;
			sourceTree = "<group>";
		};
		E4021ED12A9F426E00FFEAB2 /* VoteBoard */ = {
			isa = PBXGroup;
			children = (
				E4021ECE2A9F3B6500FFEAB2 /* VoteViewController.swift */,
				E4021ED22A9F429000FFEAB2 /* VotePostDetailViewController.swift */,
				E4021ED42A9F437200FFEAB2 /* VoteBoardWriteViewController.swift */,
			);
			path = VoteBoard;
			sourceTree = "<group>";
		};
		E472375F2AB83F2B003BD82B /* MainVC */ = {
			isa = PBXGroup;
			children = (
				F154DA9A2A6D244100B6C7F0 /* MainTabBarController.swift */,
				E472375D2AB83DA5003BD82B /* WebViewController.swift */,
				F154DA9C2A6D2B4400B6C7F0 /* MainViewController.swift */,
			);
			path = MainVC;
			sourceTree = "<group>";
		};
		F12465032A67BAB500037D8C = {
			isa = PBXGroup;
			children = (
				F124650E2A67BAB500037D8C /* SejongCommunity */,
				F124650D2A67BAB500037D8C /* Products */,
				569F81C5A36B2C7C0CF94C7C /* Pods */,
				326442ED12FEEED8B182975A /* Frameworks */,
			);
			sourceTree = "<group>";
		};
		F124650D2A67BAB500037D8C /* Products */ = {
			isa = PBXGroup;
			children = (
				F124650C2A67BAB500037D8C /* SejongCommunity.app */,
			);
			name = Products;
			sourceTree = "<group>";
		};
		F124650E2A67BAB500037D8C /* SejongCommunity */ = {
			isa = PBXGroup;
			children = (
				F1E547382A84C2CA00671182 /* Scene */,
				F124650F2A67BAB500037D8C /* AppDelegate.swift */,
				F12465112A67BAB500037D8C /* SceneDelegate.swift */,
				E472375F2AB83F2B003BD82B /* MainVC */,
				F12465182A67BAB600037D8C /* Assets.xcassets */,
				F124651A2A67BAB600037D8C /* LaunchScreen.storyboard */,
				F124651D2A67BAB600037D8C /* Info.plist */,
				E47237622ABC0823003BD82B /* NetworkManager.swift */,
			);
			path = SejongCommunity;
			sourceTree = "<group>";
		};
		F1E547312A84C0A900671182 /* DepartsBoard */ = {
			isa = PBXGroup;
			children = (
				E4021ED12A9F426E00FFEAB2 /* VoteBoard */,
				E4021ED02A9F425C00FFEAB2 /* DepartBoard */,
			);
			path = DepartsBoard;
			sourceTree = "<group>";
		};
		F1E547382A84C2CA00671182 /* Scene */ = {
			isa = PBXGroup;
			children = (
				E4021ED62AA5BE4F00FFEAB2 /* NotificationViewController.swift */,
				E4021EC72A92088400FFEAB2 /* LoginVC */,
				E4021E722A6F8B6700FFEAB2 /* BoardVC */,
				F1E5473A2A84C37E00671182 /* Chat */,
				E4021E732A750A2B00FFEAB2 /* MyPageVC */,
			);
			path = Scene;
			sourceTree = "<group>";
		};
		F1E547392A84C31900671182 /* CouncilBoard */ = {
			isa = PBXGroup;
			children = (
				E4021E702A6F8B5100FFEAB2 /* CouncilBoardViewController.swift */,
				F16FE9EE2A70FEEE005F194C /* OfficeDetailsViewController.swift */,
				F1E5472D2A8275E300671182 /* OfficeDetailsCellTappedViewController.swift */,
				F1E5472B2A82680B00671182 /* OfficeDetailsTableViewCell.swift */,
				F16FE9F02A70FF1B005F194C /* PledgeBoardViewController.swift */,
				F1E547972AC1A3BD00671182 /* PledgeBoardMenuCollectionViewCell.swift */,
				F1E547272A7E780A00671182 /* PledgeTableViewCell.swift */,
				F1E547952AB9BC8E00671182 /* WriteOfficeDetailsViewController.swift */,
			);
			path = CouncilBoard;
			sourceTree = "<group>";
		};
		F1E5473A2A84C37E00671182 /* Chat */ = {
			isa = PBXGroup;
			children = (
				F154DA9F2A6D2BE800B6C7F0 /* ChatViewController.swift */,
				F1E547442A9373B300671182 /* ChatTableViewCell.swift */,
				F1E547462A937B8000671182 /* ChatRoomViewController.swift */,
			);
			path = Chat;
			sourceTree = "<group>";
		};
		F1E5473B2A84C3E500671182 /* ProfessorBoard */ = {
			isa = PBXGroup;
			children = (
				F1E5477E2AA0878700671182 /* ProfessorBoardViewController.swift */,
				F1E547802AA08B7200671182 /* ProfessorCollectionViewCell.swift */,
				F1E547882AAF289700671182 /* ProfessorInfoViewController.swift */,
				F1E5478A2AAF3CB900671182 /* ProfessorClassTableViewCell.swift */,
				F1E5478C2AB1EC5A00671182 /* ProfessorDetailClassViewController.swift */,
				F1E5478E2AB8640800671182 /* ProfessorReviewTableViewCell.swift */,
			);
			path = ProfessorBoard;
			sourceTree = "<group>";
		};
/* End PBXGroup section */

/* Begin PBXNativeTarget section */
		F124650B2A67BAB500037D8C /* SejongCommunity */ = {
			isa = PBXNativeTarget;
			buildConfigurationList = F12465202A67BAB600037D8C /* Build configuration list for PBXNativeTarget "SejongCommunity" */;
			buildPhases = (
				05C50AF5F88B8488B037D838 /* [CP] Check Pods Manifest.lock */,
				F12465082A67BAB500037D8C /* Sources */,
				F12465092A67BAB500037D8C /* Frameworks */,
				F124650A2A67BAB500037D8C /* Resources */,
				7CEFEAA2406C6DD68BCAAC05 /* [CP] Embed Pods Frameworks */,
			);
			buildRules = (
			);
			dependencies = (
			);
			name = SejongCommunity;
			packageProductDependencies = (
				E4D466592AB1B7DA003E5DD9 /* FSCalendar */,
			);
			productName = SejongCommunity;
			productReference = F124650C2A67BAB500037D8C /* SejongCommunity.app */;
			productType = "com.apple.product-type.application";
		};
/* End PBXNativeTarget section */

/* Begin PBXProject section */
		F12465042A67BAB500037D8C /* Project object */ = {
			isa = PBXProject;
			attributes = {
				BuildIndependentTargetsInParallel = 1;
				LastSwiftUpdateCheck = 1430;
				LastUpgradeCheck = 1430;
				TargetAttributes = {
					F124650B2A67BAB500037D8C = {
						CreatedOnToolsVersion = 14.3.1;
					};
				};
			};
			buildConfigurationList = F12465072A67BAB500037D8C /* Build configuration list for PBXProject "SejongCommunity" */;
			compatibilityVersion = "Xcode 14.0";
			developmentRegion = en;
			hasScannedForEncodings = 0;
			knownRegions = (
				en,
				Base,
			);
			mainGroup = F12465032A67BAB500037D8C;
			packageReferences = (
				E4D466582AB1B7DA003E5DD9 /* XCRemoteSwiftPackageReference "FSCalendar" */,
			);
			productRefGroup = F124650D2A67BAB500037D8C /* Products */;
			projectDirPath = "";
			projectRoot = "";
			targets = (
				F124650B2A67BAB500037D8C /* SejongCommunity */,
			);
		};
/* End PBXProject section */

/* Begin PBXResourcesBuildPhase section */
		F124650A2A67BAB500037D8C /* Resources */ = {
			isa = PBXResourcesBuildPhase;
			buildActionMask = 2147483647;
			files = (
				F124651C2A67BAB600037D8C /* LaunchScreen.storyboard in Resources */,
				F12465192A67BAB600037D8C /* Assets.xcassets in Resources */,
			);
			runOnlyForDeploymentPostprocessing = 0;
		};
/* End PBXResourcesBuildPhase section */

/* Begin PBXShellScriptBuildPhase section */
		05C50AF5F88B8488B037D838 /* [CP] Check Pods Manifest.lock */ = {
			isa = PBXShellScriptBuildPhase;
			buildActionMask = 2147483647;
			files = (
			);
			inputFileListPaths = (
			);
			inputPaths = (
				"${PODS_PODFILE_DIR_PATH}/Podfile.lock",
				"${PODS_ROOT}/Manifest.lock",
			);
			name = "[CP] Check Pods Manifest.lock";
			outputFileListPaths = (
			);
			outputPaths = (
				"$(DERIVED_FILE_DIR)/Pods-SejongCommunity-checkManifestLockResult.txt",
			);
			runOnlyForDeploymentPostprocessing = 0;
			shellPath = /bin/sh;
			shellScript = "diff \"${PODS_PODFILE_DIR_PATH}/Podfile.lock\" \"${PODS_ROOT}/Manifest.lock\" > /dev/null\nif [ $? != 0 ] ; then\n    # print error to STDERR\n    echo \"error: The sandbox is not in sync with the Podfile.lock. Run 'pod install' or update your CocoaPods installation.\" >&2\n    exit 1\nfi\n# This output is used by Xcode 'outputs' to avoid re-running this script phase.\necho \"SUCCESS\" > \"${SCRIPT_OUTPUT_FILE_0}\"\n";
			showEnvVarsInLog = 0;
		};
		7CEFEAA2406C6DD68BCAAC05 /* [CP] Embed Pods Frameworks */ = {
			isa = PBXShellScriptBuildPhase;
			buildActionMask = 2147483647;
			files = (
			);
			inputFileListPaths = (
				"${PODS_ROOT}/Target Support Files/Pods-SejongCommunity/Pods-SejongCommunity-frameworks-${CONFIGURATION}-input-files.xcfilelist",
			);
			name = "[CP] Embed Pods Frameworks";
			outputFileListPaths = (
				"${PODS_ROOT}/Target Support Files/Pods-SejongCommunity/Pods-SejongCommunity-frameworks-${CONFIGURATION}-output-files.xcfilelist",
			);
			runOnlyForDeploymentPostprocessing = 0;
			shellPath = /bin/sh;
			shellScript = "\"${PODS_ROOT}/Target Support Files/Pods-SejongCommunity/Pods-SejongCommunity-frameworks.sh\"\n";
			showEnvVarsInLog = 0;
		};
/* End PBXShellScriptBuildPhase section */

/* Begin PBXSourcesBuildPhase section */
		F12465082A67BAB500037D8C /* Sources */ = {
			isa = PBXSourcesBuildPhase;
			buildActionMask = 2147483647;
			files = (
				E4021E6B2A6F8B1000FFEAB2 /* OpenBoardViewController.swift in Sources */,
				E4021E782A76414400FFEAB2 /* PostDetailViewController.swift in Sources */,
				F1E5472C2A82680B00671182 /* OfficeDetailsTableViewCell.swift in Sources */,
				E4021ED32A9F429000FFEAB2 /* VotePostDetailViewController.swift in Sources */,
				F1E5478D2AB1EC5A00671182 /* ProfessorDetailClassViewController.swift in Sources */,
				F1E547962AB9BC8E00671182 /* WriteOfficeDetailsViewController.swift in Sources */,
				E4021ECB2A9208B100FFEAB2 /* LoginViewController.swift in Sources */,
				E4021ED52A9F437200FFEAB2 /* VoteBoardWriteViewController.swift in Sources */,
				E4021E712A6F8B5100FFEAB2 /* CouncilBoardViewController.swift in Sources */,
				F1E547452A9373B300671182 /* ChatTableViewCell.swift in Sources */,
				E4021E752A750A4F00FFEAB2 /* CouncilRegisterViewController.swift in Sources */,
				E4021E7A2A76494000FFEAB2 /* OpenWtireViewController.swift in Sources */,
				F1E547352A84C13D00671182 /* DepartOpenWriteViewController.swift in Sources */,
				F12465102A67BAB500037D8C /* AppDelegate.swift in Sources */,
				F1E5477F2AA0878700671182 /* ProfessorBoardViewController.swift in Sources */,
				F154DAA22A6D2C0A00B6C7F0 /* MypageViewController.swift in Sources */,
				F16FE9F12A70FF1B005F194C /* PledgeBoardViewController.swift in Sources */,
				F154DA9B2A6D244100B6C7F0 /* MainTabBarController.swift in Sources */,
				E4021ECF2A9F3B6500FFEAB2 /* VoteViewController.swift in Sources */,
				F1E547982AC1A3BD00671182 /* PledgeBoardMenuCollectionViewCell.swift in Sources */,
				E472375E2AB83DA5003BD82B /* WebViewController.swift in Sources */,
				E47237632ABC0823003BD82B /* NetworkManager.swift in Sources */,
				F1E547372A84C15400671182 /* DepartPostDetailViewController.swift in Sources */,
				E4021E7C2A76B7D300FFEAB2 /* CustomTableViewCell.swift in Sources */,
				F1E5478B2AAF3CB900671182 /* ProfessorClassTableViewCell.swift in Sources */,
				E4021ED72AA5BE4F00FFEAB2 /* NotificationViewController.swift in Sources */,
				F1E547332A84C11B00671182 /* DepartBoardViewController.swift in Sources */,
				F12465122A67BAB500037D8C /* SceneDelegate.swift in Sources */,
				F154DAA02A6D2BE800B6C7F0 /* ChatViewController.swift in Sources */,
				F1E547472A937B8000671182 /* ChatRoomViewController.swift in Sources */,
				F1E547282A7E780A00671182 /* PledgeTableViewCell.swift in Sources */,
				F1E5478F2AB8640800671182 /* ProfessorReviewTableViewCell.swift in Sources */,
				F154DA9D2A6D2B4400B6C7F0 /* MainViewController.swift in Sources */,
				E4021EC92A9208A000FFEAB2 /* LoginIntroViewController.swift in Sources */,
				F1E547812AA08B7200671182 /* ProfessorCollectionViewCell.swift in Sources */,
				E4D466572AAB08B6003E5DD9 /* AuthenticationManager.swift in Sources */,
				F1E5472E2A8275E300671182 /* OfficeDetailsCellTappedViewController.swift in Sources */,
				F1E547892AAF289700671182 /* ProfessorInfoViewController.swift in Sources */,
				E47237612AB972DE003BD82B /* MyWriteViewController.swift in Sources */,
				F16FE9EF2A70FEEE005F194C /* OfficeDetailsViewController.swift in Sources */,
			);
			runOnlyForDeploymentPostprocessing = 0;
		};
/* End PBXSourcesBuildPhase section */

/* Begin PBXVariantGroup section */
		F124651A2A67BAB600037D8C /* LaunchScreen.storyboard */ = {
			isa = PBXVariantGroup;
			children = (
				F124651B2A67BAB600037D8C /* Base */,
			);
			name = LaunchScreen.storyboard;
			sourceTree = "<group>";
		};
/* End PBXVariantGroup section */

/* Begin XCBuildConfiguration section */
		F124651E2A67BAB600037D8C /* Debug */ = {
			isa = XCBuildConfiguration;
			buildSettings = {
				ALWAYS_SEARCH_USER_PATHS = NO;
				CLANG_ANALYZER_NONNULL = YES;
				CLANG_ANALYZER_NUMBER_OBJECT_CONVERSION = YES_AGGRESSIVE;
				CLANG_CXX_LANGUAGE_STANDARD = "gnu++20";
				CLANG_ENABLE_MODULES = YES;
				CLANG_ENABLE_OBJC_ARC = YES;
				CLANG_ENABLE_OBJC_WEAK = YES;
				CLANG_WARN_BLOCK_CAPTURE_AUTORELEASING = YES;
				CLANG_WARN_BOOL_CONVERSION = YES;
				CLANG_WARN_COMMA = YES;
				CLANG_WARN_CONSTANT_CONVERSION = YES;
				CLANG_WARN_DEPRECATED_OBJC_IMPLEMENTATIONS = YES;
				CLANG_WARN_DIRECT_OBJC_ISA_USAGE = YES_ERROR;
				CLANG_WARN_DOCUMENTATION_COMMENTS = YES;
				CLANG_WARN_EMPTY_BODY = YES;
				CLANG_WARN_ENUM_CONVERSION = YES;
				CLANG_WARN_INFINITE_RECURSION = YES;
				CLANG_WARN_INT_CONVERSION = YES;
				CLANG_WARN_NON_LITERAL_NULL_CONVERSION = YES;
				CLANG_WARN_OBJC_IMPLICIT_RETAIN_SELF = YES;
				CLANG_WARN_OBJC_LITERAL_CONVERSION = YES;
				CLANG_WARN_OBJC_ROOT_CLASS = YES_ERROR;
				CLANG_WARN_QUOTED_INCLUDE_IN_FRAMEWORK_HEADER = YES;
				CLANG_WARN_RANGE_LOOP_ANALYSIS = YES;
				CLANG_WARN_STRICT_PROTOTYPES = YES;
				CLANG_WARN_SUSPICIOUS_MOVE = YES;
				CLANG_WARN_UNGUARDED_AVAILABILITY = YES_AGGRESSIVE;
				CLANG_WARN_UNREACHABLE_CODE = YES;
				CLANG_WARN__DUPLICATE_METHOD_MATCH = YES;
				COPY_PHASE_STRIP = NO;
				DEBUG_INFORMATION_FORMAT = dwarf;
				ENABLE_STRICT_OBJC_MSGSEND = YES;
				ENABLE_TESTABILITY = YES;
				GCC_C_LANGUAGE_STANDARD = gnu11;
				GCC_DYNAMIC_NO_PIC = NO;
				GCC_NO_COMMON_BLOCKS = YES;
				GCC_OPTIMIZATION_LEVEL = 0;
				GCC_PREPROCESSOR_DEFINITIONS = (
					"DEBUG=1",
					"$(inherited)",
				);
				GCC_WARN_64_TO_32_BIT_CONVERSION = YES;
				GCC_WARN_ABOUT_RETURN_TYPE = YES_ERROR;
				GCC_WARN_UNDECLARED_SELECTOR = YES;
				GCC_WARN_UNINITIALIZED_AUTOS = YES_AGGRESSIVE;
				GCC_WARN_UNUSED_FUNCTION = YES;
				GCC_WARN_UNUSED_VARIABLE = YES;
				IPHONEOS_DEPLOYMENT_TARGET = 16.4;
				MTL_ENABLE_DEBUG_INFO = INCLUDE_SOURCE;
				MTL_FAST_MATH = YES;
				ONLY_ACTIVE_ARCH = YES;
				SDKROOT = iphoneos;
				SWIFT_ACTIVE_COMPILATION_CONDITIONS = DEBUG;
				SWIFT_OPTIMIZATION_LEVEL = "-Onone";
			};
			name = Debug;
		};
		F124651F2A67BAB600037D8C /* Release */ = {
			isa = XCBuildConfiguration;
			buildSettings = {
				ALWAYS_SEARCH_USER_PATHS = NO;
				CLANG_ANALYZER_NONNULL = YES;
				CLANG_ANALYZER_NUMBER_OBJECT_CONVERSION = YES_AGGRESSIVE;
				CLANG_CXX_LANGUAGE_STANDARD = "gnu++20";
				CLANG_ENABLE_MODULES = YES;
				CLANG_ENABLE_OBJC_ARC = YES;
				CLANG_ENABLE_OBJC_WEAK = YES;
				CLANG_WARN_BLOCK_CAPTURE_AUTORELEASING = YES;
				CLANG_WARN_BOOL_CONVERSION = YES;
				CLANG_WARN_COMMA = YES;
				CLANG_WARN_CONSTANT_CONVERSION = YES;
				CLANG_WARN_DEPRECATED_OBJC_IMPLEMENTATIONS = YES;
				CLANG_WARN_DIRECT_OBJC_ISA_USAGE = YES_ERROR;
				CLANG_WARN_DOCUMENTATION_COMMENTS = YES;
				CLANG_WARN_EMPTY_BODY = YES;
				CLANG_WARN_ENUM_CONVERSION = YES;
				CLANG_WARN_INFINITE_RECURSION = YES;
				CLANG_WARN_INT_CONVERSION = YES;
				CLANG_WARN_NON_LITERAL_NULL_CONVERSION = YES;
				CLANG_WARN_OBJC_IMPLICIT_RETAIN_SELF = YES;
				CLANG_WARN_OBJC_LITERAL_CONVERSION = YES;
				CLANG_WARN_OBJC_ROOT_CLASS = YES_ERROR;
				CLANG_WARN_QUOTED_INCLUDE_IN_FRAMEWORK_HEADER = YES;
				CLANG_WARN_RANGE_LOOP_ANALYSIS = YES;
				CLANG_WARN_STRICT_PROTOTYPES = YES;
				CLANG_WARN_SUSPICIOUS_MOVE = YES;
				CLANG_WARN_UNGUARDED_AVAILABILITY = YES_AGGRESSIVE;
				CLANG_WARN_UNREACHABLE_CODE = YES;
				CLANG_WARN__DUPLICATE_METHOD_MATCH = YES;
				COPY_PHASE_STRIP = NO;
				DEBUG_INFORMATION_FORMAT = "dwarf-with-dsym";
				ENABLE_NS_ASSERTIONS = NO;
				ENABLE_STRICT_OBJC_MSGSEND = YES;
				GCC_C_LANGUAGE_STANDARD = gnu11;
				GCC_NO_COMMON_BLOCKS = YES;
				GCC_WARN_64_TO_32_BIT_CONVERSION = YES;
				GCC_WARN_ABOUT_RETURN_TYPE = YES_ERROR;
				GCC_WARN_UNDECLARED_SELECTOR = YES;
				GCC_WARN_UNINITIALIZED_AUTOS = YES_AGGRESSIVE;
				GCC_WARN_UNUSED_FUNCTION = YES;
				GCC_WARN_UNUSED_VARIABLE = YES;
				IPHONEOS_DEPLOYMENT_TARGET = 16.4;
				MTL_ENABLE_DEBUG_INFO = NO;
				MTL_FAST_MATH = YES;
				SDKROOT = iphoneos;
				SWIFT_COMPILATION_MODE = wholemodule;
				SWIFT_OPTIMIZATION_LEVEL = "-O";
				VALIDATE_PRODUCT = YES;
			};
			name = Release;
		};
		F12465212A67BAB600037D8C /* Debug */ = {
			isa = XCBuildConfiguration;
			baseConfigurationReference = E8AB31AE70865DF44DB53231 /* Pods-SejongCommunity.debug.xcconfig */;
			buildSettings = {
				ASSETCATALOG_COMPILER_APPICON_NAME = AppIcon;
				ASSETCATALOG_COMPILER_GLOBAL_ACCENT_COLOR_NAME = AccentColor;
				CODE_SIGN_STYLE = Automatic;
				CURRENT_PROJECT_VERSION = 1;
				DEVELOPMENT_TEAM = Q653PU93R6;
				GENERATE_INFOPLIST_FILE = YES;
				INFOPLIST_FILE = SejongCommunity/Info.plist;
				INFOPLIST_KEY_UIApplicationSupportsIndirectInputEvents = YES;
				INFOPLIST_KEY_UILaunchStoryboardName = LaunchScreen;
				INFOPLIST_KEY_UISupportedInterfaceOrientations_iPad = "UIInterfaceOrientationPortrait UIInterfaceOrientationPortraitUpsideDown UIInterfaceOrientationLandscapeLeft UIInterfaceOrientationLandscapeRight";
				INFOPLIST_KEY_UISupportedInterfaceOrientations_iPhone = "UIInterfaceOrientationPortrait UIInterfaceOrientationLandscapeLeft UIInterfaceOrientationLandscapeRight";
				IPHONEOS_DEPLOYMENT_TARGET = 13.0;
				LD_RUNPATH_SEARCH_PATHS = (
					"$(inherited)",
					"@executable_path/Frameworks",
				);
				MARKETING_VERSION = 1.0;
				PRODUCT_BUNDLE_IDENTIFIER = co.alstn38.SejongCommunity;
				PRODUCT_NAME = "$(TARGET_NAME)";
				SWIFT_EMIT_LOC_STRINGS = YES;
				SWIFT_VERSION = 5.0;
				TARGETED_DEVICE_FAMILY = "1,2";
			};
			name = Debug;
		};
		F12465222A67BAB600037D8C /* Release */ = {
			isa = XCBuildConfiguration;
			baseConfigurationReference = 0B32C66B2BBF22586B302105 /* Pods-SejongCommunity.release.xcconfig */;
			buildSettings = {
				ASSETCATALOG_COMPILER_APPICON_NAME = AppIcon;
				ASSETCATALOG_COMPILER_GLOBAL_ACCENT_COLOR_NAME = AccentColor;
				CODE_SIGN_STYLE = Automatic;
				CURRENT_PROJECT_VERSION = 1;
				DEVELOPMENT_TEAM = Q653PU93R6;
				GENERATE_INFOPLIST_FILE = YES;
				INFOPLIST_FILE = SejongCommunity/Info.plist;
				INFOPLIST_KEY_UIApplicationSupportsIndirectInputEvents = YES;
				INFOPLIST_KEY_UILaunchStoryboardName = LaunchScreen;
				INFOPLIST_KEY_UISupportedInterfaceOrientations_iPad = "UIInterfaceOrientationPortrait UIInterfaceOrientationPortraitUpsideDown UIInterfaceOrientationLandscapeLeft UIInterfaceOrientationLandscapeRight";
				INFOPLIST_KEY_UISupportedInterfaceOrientations_iPhone = "UIInterfaceOrientationPortrait UIInterfaceOrientationLandscapeLeft UIInterfaceOrientationLandscapeRight";
				IPHONEOS_DEPLOYMENT_TARGET = 13.0;
				LD_RUNPATH_SEARCH_PATHS = (
					"$(inherited)",
					"@executable_path/Frameworks",
				);
				MARKETING_VERSION = 1.0;
				PRODUCT_BUNDLE_IDENTIFIER = co.alstn38.SejongCommunity;
				PRODUCT_NAME = "$(TARGET_NAME)";
				SWIFT_EMIT_LOC_STRINGS = YES;
				SWIFT_VERSION = 5.0;
				TARGETED_DEVICE_FAMILY = "1,2";
			};
			name = Release;
		};
/* End XCBuildConfiguration section */

/* Begin XCConfigurationList section */
		F12465072A67BAB500037D8C /* Build configuration list for PBXProject "SejongCommunity" */ = {
			isa = XCConfigurationList;
			buildConfigurations = (
				F124651E2A67BAB600037D8C /* Debug */,
				F124651F2A67BAB600037D8C /* Release */,
			);
			defaultConfigurationIsVisible = 0;
			defaultConfigurationName = Release;
		};
		F12465202A67BAB600037D8C /* Build configuration list for PBXNativeTarget "SejongCommunity" */ = {
			isa = XCConfigurationList;
			buildConfigurations = (
				F12465212A67BAB600037D8C /* Debug */,
				F12465222A67BAB600037D8C /* Release */,
			);
			defaultConfigurationIsVisible = 0;
			defaultConfigurationName = Release;
		};
/* End XCConfigurationList section */

/* Begin XCRemoteSwiftPackageReference section */
		E4D466582AB1B7DA003E5DD9 /* XCRemoteSwiftPackageReference "FSCalendar" */ = {
			isa = XCRemoteSwiftPackageReference;
			repositoryURL = "https://github.com/WenchaoD/FSCalendar.git";
			requirement = {
				kind = upToNextMajorVersion;
				minimumVersion = 2.0.0;
			};
		};
/* End XCRemoteSwiftPackageReference section */

/* Begin XCSwiftPackageProductDependency section */
		E4D466592AB1B7DA003E5DD9 /* FSCalendar */ = {
			isa = XCSwiftPackageProductDependency;
			package = E4D466582AB1B7DA003E5DD9 /* XCRemoteSwiftPackageReference "FSCalendar" */;
			productName = FSCalendar;
		};
/* End XCSwiftPackageProductDependency section */
	};
	rootObject = F12465042A67BAB500037D8C /* Project object */;
}
