// !$*UTF8*$!
{
	archiveVersion = 1;
	classes = {
	};
	objectVersion = 56;
	objects = {

/* Begin PBXBuildFile section */
		2C38AE61A054E257F30D24C5 /* Pods_SejongCommunity.framework in Frameworks */ = {isa = PBXBuildFile; fileRef = 3AC489C9190C284EB876D4FE /* Pods_SejongCommunity.framework */; };
		E4021E6B2A6F8B1000FFEAB2 /* OpenBoardViewController.swift in Sources */ = {isa = PBXBuildFile; fileRef = E4021E6A2A6F8B1000FFEAB2 /* OpenBoardViewController.swift */; };
		E4021E712A6F8B5100FFEAB2 /* CouncilBoardViewController.swift in Sources */ = {isa = PBXBuildFile; fileRef = E4021E702A6F8B5100FFEAB2 /* CouncilBoardViewController.swift */; };
		E4021E752A750A4F00FFEAB2 /* CouncilRegisterViewController.swift in Sources */ = {isa = PBXBuildFile; fileRef = E4021E742A750A4F00FFEAB2 /* CouncilRegisterViewController.swift */; };
		E4021E782A76414400FFEAB2 /* PostDetailViewController.swift in Sources */ = {isa = PBXBuildFile; fileRef = E4021E772A76414400FFEAB2 /* PostDetailViewController.swift */; };
		E4021E7A2A76494000FFEAB2 /* OpenWtireViewController.swift in Sources */ = {isa = PBXBuildFile; fileRef = E4021E792A76494000FFEAB2 /* OpenWtireViewController.swift */; };
		E4021E7C2A76B7D300FFEAB2 /* CustomTableViewCell.swift in Sources */ = {isa = PBXBuildFile; fileRef = E4021E7B2A76B7D300FFEAB2 /* CustomTableViewCell.swift */; };
		E4021EC92A9208A000FFEAB2 /* LoginIntroViewController.swift in Sources */ = {isa = PBXBuildFile; fileRef = E4021EC82A9208A000FFEAB2 /* LoginIntroViewController.swift */; };
		E4021ECB2A9208B100FFEAB2 /* LoginViewController.swift in Sources */ = {isa = PBXBuildFile; fileRef = E4021ECA2A9208B100FFEAB2 /* LoginViewController.swift */; };
		E4021ED52A9F437200FFEAB2 /* VoteBoardWriteViewController.swift in Sources */ = {isa = PBXBuildFile; fileRef = E4021ED42A9F437200FFEAB2 /* VoteBoardWriteViewController.swift */; };
		E4021ED72AA5BE4F00FFEAB2 /* NotificationViewController.swift in Sources */ = {isa = PBXBuildFile; fileRef = E4021ED62AA5BE4F00FFEAB2 /* NotificationViewController.swift */; };
		E472375E2AB83DA5003BD82B /* WebViewController.swift in Sources */ = {isa = PBXBuildFile; fileRef = E472375D2AB83DA5003BD82B /* WebViewController.swift */; };
		E47237612AB972DE003BD82B /* MyWriteViewController.swift in Sources */ = {isa = PBXBuildFile; fileRef = E47237602AB972DE003BD82B /* MyWriteViewController.swift */; };
		E47237632ABC0823003BD82B /* NetworkManager.swift in Sources */ = {isa = PBXBuildFile; fileRef = E47237622ABC0823003BD82B /* NetworkManager.swift */; };
		E49CCEF42B03DBA3006D08B3 /* SnapKit in Frameworks */ = {isa = PBXBuildFile; productRef = E49CCEF32B03DBA3006D08B3 /* SnapKit */; };
		E49CCEF72B03DC12006D08B3 /* Kingfisher in Frameworks */ = {isa = PBXBuildFile; productRef = E49CCEF62B03DC12006D08B3 /* Kingfisher */; };
		E49CCEFD2B03DDC9006D08B3 /* Alamofire in Frameworks */ = {isa = PBXBuildFile; productRef = E49CCEFC2B03DDC9006D08B3 /* Alamofire */; };
		E4B1E7522ABD769A00CD4DE2 /* SwiftKeychainWrapper in Frameworks */ = {isa = PBXBuildFile; productRef = E4B1E7512ABD769A00CD4DE2 /* SwiftKeychainWrapper */; };
		E4D466572AAB08B6003E5DD9 /* AuthenticationManager.swift in Sources */ = {isa = PBXBuildFile; fileRef = E4D466562AAB08B6003E5DD9 /* AuthenticationManager.swift */; };
		E4D4665A2AB1B7DA003E5DD9 /* FSCalendar in Frameworks */ = {isa = PBXBuildFile; productRef = E4D466592AB1B7DA003E5DD9 /* FSCalendar */; };
		E4E9F6582AC85A2B00F8AEAD /* MyCommentViewController.swift in Sources */ = {isa = PBXBuildFile; fileRef = E4E9F6572AC85A2B00F8AEAD /* MyCommentViewController.swift */; };
		E4E9F65E2ACBF69F00F8AEAD /* MyCommentDetailViewController.swift in Sources */ = {isa = PBXBuildFile; fileRef = E4E9F65D2ACBF69F00F8AEAD /* MyCommentDetailViewController.swift */; };
		E4E9F6622AD06C5200F8AEAD /* CustomCommentTableViewCell.swift in Sources */ = {isa = PBXBuildFile; fileRef = E4E9F6612AD06C5200F8AEAD /* CustomCommentTableViewCell.swift */; };
		E4E9F6642AD32E2200F8AEAD /* MyWriteVoteViewController.swift in Sources */ = {isa = PBXBuildFile; fileRef = E4E9F6632AD32E2200F8AEAD /* MyWriteVoteViewController.swift */; };
		F12465102A67BAB500037D8C /* AppDelegate.swift in Sources */ = {isa = PBXBuildFile; fileRef = F124650F2A67BAB500037D8C /* AppDelegate.swift */; };
		F12465122A67BAB500037D8C /* SceneDelegate.swift in Sources */ = {isa = PBXBuildFile; fileRef = F12465112A67BAB500037D8C /* SceneDelegate.swift */; };
		F12465192A67BAB600037D8C /* Assets.xcassets in Resources */ = {isa = PBXBuildFile; fileRef = F12465182A67BAB600037D8C /* Assets.xcassets */; };
		F124651C2A67BAB600037D8C /* LaunchScreen.storyboard in Resources */ = {isa = PBXBuildFile; fileRef = F124651A2A67BAB600037D8C /* LaunchScreen.storyboard */; };
		F12FE6B72AD0434C00B47DA0 /* NetworkResult.swift in Sources */ = {isa = PBXBuildFile; fileRef = F12FE6B62AD0434C00B47DA0 /* NetworkResult.swift */; };
		F14120E82B11F4E300909941 /* FileWebKitViewController.swift in Sources */ = {isa = PBXBuildFile; fileRef = F14120E72B11F4E300909941 /* FileWebKitViewController.swift */; };
		F1448FF92AD2AEAE00AE9E7A /* DepartmentModel.swift in Sources */ = {isa = PBXBuildFile; fileRef = F1448FF82AD2AEAE00AE9E7A /* DepartmentModel.swift */; };
		F1448FFB2AD2AF6D00AE9E7A /* DepartmentService.swift in Sources */ = {isa = PBXBuildFile; fileRef = F1448FFA2AD2AF6D00AE9E7A /* DepartmentService.swift */; };
		F14E43CC2AD2B2540096221D /* DepartmentPromisesModel.swift in Sources */ = {isa = PBXBuildFile; fileRef = F14E43CB2AD2B2540096221D /* DepartmentPromisesModel.swift */; };
		F14E43CE2AD2B33D0096221D /* DepartmentPromisesService.swift in Sources */ = {isa = PBXBuildFile; fileRef = F14E43CD2AD2B33D0096221D /* DepartmentPromisesService.swift */; };
		F154DA9B2A6D244100B6C7F0 /* MainTabBarController.swift in Sources */ = {isa = PBXBuildFile; fileRef = F154DA9A2A6D244100B6C7F0 /* MainTabBarController.swift */; };
		F154DA9D2A6D2B4400B6C7F0 /* MainViewController.swift in Sources */ = {isa = PBXBuildFile; fileRef = F154DA9C2A6D2B4400B6C7F0 /* MainViewController.swift */; };
		F154DAA02A6D2BE800B6C7F0 /* ChatViewController.swift in Sources */ = {isa = PBXBuildFile; fileRef = F154DA9F2A6D2BE800B6C7F0 /* ChatViewController.swift */; };
		F154DAA22A6D2C0A00B6C7F0 /* MypageViewController.swift in Sources */ = {isa = PBXBuildFile; fileRef = F154DAA12A6D2C0A00B6C7F0 /* MypageViewController.swift */; };
		F16C94032AF6A36900CD01E8 /* OfficeDetailPostModel.swift in Sources */ = {isa = PBXBuildFile; fileRef = F16C94022AF6A36900CD01E8 /* OfficeDetailPostModel.swift */; };
		F16C94052AF6A46100CD01E8 /* OfficeDetailPostService.swift in Sources */ = {isa = PBXBuildFile; fileRef = F16C94042AF6A46100CD01E8 /* OfficeDetailPostService.swift */; };
		F16C94072AF6B03400CD01E8 /* OfficeFileUploadModel.swift in Sources */ = {isa = PBXBuildFile; fileRef = F16C94062AF6B03400CD01E8 /* OfficeFileUploadModel.swift */; };
		F16C94092AF6B2AF00CD01E8 /* OfficeFileUploadService.swift in Sources */ = {isa = PBXBuildFile; fileRef = F16C94082AF6B2AF00CD01E8 /* OfficeFileUploadService.swift */; };
		F16C940B2AF76EDF00CD01E8 /* OfficeFileDeleteModel.swift in Sources */ = {isa = PBXBuildFile; fileRef = F16C940A2AF76EDF00CD01E8 /* OfficeFileDeleteModel.swift */; };
		F16C940D2AF76F3F00CD01E8 /* OfficeFileDeleteService.swift in Sources */ = {isa = PBXBuildFile; fileRef = F16C940C2AF76F3F00CD01E8 /* OfficeFileDeleteService.swift */; };
		F16FE9EF2A70FEEE005F194C /* OfficeDetailsViewController.swift in Sources */ = {isa = PBXBuildFile; fileRef = F16FE9EE2A70FEEE005F194C /* OfficeDetailsViewController.swift */; };
		F16FE9F12A70FF1B005F194C /* PledgeBoardViewController.swift in Sources */ = {isa = PBXBuildFile; fileRef = F16FE9F02A70FF1B005F194C /* PledgeBoardViewController.swift */; };
		F174D7E92AFB7A6A0087A60E /* OfficeDetailDeleteModel.swift in Sources */ = {isa = PBXBuildFile; fileRef = F174D7E82AFB7A6A0087A60E /* OfficeDetailDeleteModel.swift */; };
		F174D7EB2AFB7AE30087A60E /* OfficeDetailDeleteService.swift in Sources */ = {isa = PBXBuildFile; fileRef = F174D7EA2AFB7AE30087A60E /* OfficeDetailDeleteService.swift */; };
		F174D8502B01FA520087A60E /* ProfessorEvaluationModel.swift in Sources */ = {isa = PBXBuildFile; fileRef = F174D84F2B01FA520087A60E /* ProfessorEvaluationModel.swift */; };
		F174D8522B01FB150087A60E /* ProfessorEvaluationService.swift in Sources */ = {isa = PBXBuildFile; fileRef = F174D8512B01FB150087A60E /* ProfessorEvaluationService.swift */; };
		F174D8562B025ADD0087A60E /* ProfessorEvaluationPostService.swift in Sources */ = {isa = PBXBuildFile; fileRef = F174D8552B025ADD0087A60E /* ProfessorEvaluationPostService.swift */; };
		F174D8582B02699F0087A60E /* ProfessorEvaluationDeleteService.swift in Sources */ = {isa = PBXBuildFile; fileRef = F174D8572B02699F0087A60E /* ProfessorEvaluationDeleteService.swift */; };
		F174D8662B04A1800087A60E /* ProfessorEvaluationReportService.swift in Sources */ = {isa = PBXBuildFile; fileRef = F174D8652B04A1800087A60E /* ProfessorEvaluationReportService.swift */; };
		F19345B82AD0350100BB5D5E /* CouncilInfoModel.swift in Sources */ = {isa = PBXBuildFile; fileRef = F19345B72AD0350100BB5D5E /* CouncilInfoModel.swift */; };
		F1A5F2262B135FCD0001B5A2 /* ChatPostRoomNumService.swift in Sources */ = {isa = PBXBuildFile; fileRef = F1A5F2252B135FCD0001B5A2 /* ChatPostRoomNumService.swift */; };
		F1A5F2292B1361040001B5A2 /* ChatPostRoomModel.swift in Sources */ = {isa = PBXBuildFile; fileRef = F1A5F2282B1361040001B5A2 /* ChatPostRoomModel.swift */; };
		F1A5F22B2B1368840001B5A2 /* ChatGetRoomInfoService.swift in Sources */ = {isa = PBXBuildFile; fileRef = F1A5F22A2B1368840001B5A2 /* ChatGetRoomInfoService.swift */; };
		F1A5F22D2B1369B40001B5A2 /* ChatGetRoomModel.swift in Sources */ = {isa = PBXBuildFile; fileRef = F1A5F22C2B1369B40001B5A2 /* ChatGetRoomModel.swift */; };
		F1A5F2302B1487BC0001B5A2 /* SendChatModel.swift in Sources */ = {isa = PBXBuildFile; fileRef = F1A5F22F2B1487BC0001B5A2 /* SendChatModel.swift */; };
		F1A5F2322B14884A0001B5A2 /* SendChatService.swift in Sources */ = {isa = PBXBuildFile; fileRef = F1A5F2312B14884A0001B5A2 /* SendChatService.swift */; };
		F1A5F2342B14A7CA0001B5A2 /* ChatRoomListModel.swift in Sources */ = {isa = PBXBuildFile; fileRef = F1A5F2332B14A7CA0001B5A2 /* ChatRoomListModel.swift */; };
		F1A5F2362B14A87B0001B5A2 /* ChatListGetService.swift in Sources */ = {isa = PBXBuildFile; fileRef = F1A5F2352B14A87B0001B5A2 /* ChatListGetService.swift */; };
		F1C838D02AF653E400303D20 /* ProfessorInfoService.swift in Sources */ = {isa = PBXBuildFile; fileRef = F1C838CF2AF653E400303D20 /* ProfessorInfoService.swift */; };
		F1C838D32AF6543500303D20 /* ProfessorInfoModel.swift in Sources */ = {isa = PBXBuildFile; fileRef = F1C838D22AF6543500303D20 /* ProfessorInfoModel.swift */; };
		F1C838D52AF6614D00303D20 /* ProfessorLectureModel.swift in Sources */ = {isa = PBXBuildFile; fileRef = F1C838D42AF6614D00303D20 /* ProfessorLectureModel.swift */; };
		F1C838D72AF6631000303D20 /* ProfessorLectureService.swift in Sources */ = {isa = PBXBuildFile; fileRef = F1C838D62AF6631000303D20 /* ProfessorLectureService.swift */; };
		F1C838D92AF677DA00303D20 /* ProfessorPostReviewMedel.swift in Sources */ = {isa = PBXBuildFile; fileRef = F1C838D82AF677DA00303D20 /* ProfessorPostReviewMedel.swift */; };
		F1C838DB2AF67DDD00303D20 /* OfficeDetailListModel.swift in Sources */ = {isa = PBXBuildFile; fileRef = F1C838DA2AF67DDD00303D20 /* OfficeDetailListModel.swift */; };
		F1C838DD2AF67FD900303D20 /* OfficeDetailListService.swift in Sources */ = {isa = PBXBuildFile; fileRef = F1C838DC2AF67FD900303D20 /* OfficeDetailListService.swift */; };
		F1D495532AD2A5C100078232 /* PromisesPercentageModel.swift in Sources */ = {isa = PBXBuildFile; fileRef = F1D495522AD2A5C100078232 /* PromisesPercentageModel.swift */; };
		F1D495552AD2A6D500078232 /* PromisesPercentageService.swift in Sources */ = {isa = PBXBuildFile; fileRef = F1D495542AD2A6D500078232 /* PromisesPercentageService.swift */; };
		F1E547282A7E780A00671182 /* PledgeTableViewCell.swift in Sources */ = {isa = PBXBuildFile; fileRef = F1E547272A7E780A00671182 /* PledgeTableViewCell.swift */; };
		F1E5472C2A82680B00671182 /* OfficeDetailsTableViewCell.swift in Sources */ = {isa = PBXBuildFile; fileRef = F1E5472B2A82680B00671182 /* OfficeDetailsTableViewCell.swift */; };
		F1E5472E2A8275E300671182 /* OfficeDetailsCellTappedViewController.swift in Sources */ = {isa = PBXBuildFile; fileRef = F1E5472D2A8275E300671182 /* OfficeDetailsCellTappedViewController.swift */; };
		F1E547332A84C11B00671182 /* DepartBoardViewController.swift in Sources */ = {isa = PBXBuildFile; fileRef = F1E547322A84C11B00671182 /* DepartBoardViewController.swift */; };
		F1E547352A84C13D00671182 /* DepartOpenWriteViewController.swift in Sources */ = {isa = PBXBuildFile; fileRef = F1E547342A84C13D00671182 /* DepartOpenWriteViewController.swift */; };
		F1E547372A84C15400671182 /* DepartPostDetailViewController.swift in Sources */ = {isa = PBXBuildFile; fileRef = F1E547362A84C15400671182 /* DepartPostDetailViewController.swift */; };
		F1E547452A9373B300671182 /* ChatTableViewCell.swift in Sources */ = {isa = PBXBuildFile; fileRef = F1E547442A9373B300671182 /* ChatTableViewCell.swift */; };
		F1E547472A937B8000671182 /* ChatRoomViewController.swift in Sources */ = {isa = PBXBuildFile; fileRef = F1E547462A937B8000671182 /* ChatRoomViewController.swift */; };
		F1E5477F2AA0878700671182 /* ProfessorBoardViewController.swift in Sources */ = {isa = PBXBuildFile; fileRef = F1E5477E2AA0878700671182 /* ProfessorBoardViewController.swift */; };
		F1E547812AA08B7200671182 /* ProfessorCollectionViewCell.swift in Sources */ = {isa = PBXBuildFile; fileRef = F1E547802AA08B7200671182 /* ProfessorCollectionViewCell.swift */; };
		F1E547892AAF289700671182 /* ProfessorInfoViewController.swift in Sources */ = {isa = PBXBuildFile; fileRef = F1E547882AAF289700671182 /* ProfessorInfoViewController.swift */; };
		F1E5478B2AAF3CB900671182 /* ProfessorClassTableViewCell.swift in Sources */ = {isa = PBXBuildFile; fileRef = F1E5478A2AAF3CB900671182 /* ProfessorClassTableViewCell.swift */; };
		F1E5478D2AB1EC5A00671182 /* ProfessorDetailClassViewController.swift in Sources */ = {isa = PBXBuildFile; fileRef = F1E5478C2AB1EC5A00671182 /* ProfessorDetailClassViewController.swift */; };
		F1E5478F2AB8640800671182 /* ProfessorReviewTableViewCell.swift in Sources */ = {isa = PBXBuildFile; fileRef = F1E5478E2AB8640800671182 /* ProfessorReviewTableViewCell.swift */; };
		F1E547962AB9BC8E00671182 /* WriteOfficeDetailsViewController.swift in Sources */ = {isa = PBXBuildFile; fileRef = F1E547952AB9BC8E00671182 /* WriteOfficeDetailsViewController.swift */; };
		F1E547982AC1A3BD00671182 /* PledgeBoardMenuCollectionViewCell.swift in Sources */ = {isa = PBXBuildFile; fileRef = F1E547972AC1A3BD00671182 /* PledgeBoardMenuCollectionViewCell.swift */; };
		F1E5479B2AC2B27E00671182 /* DGCharts in Frameworks */ = {isa = PBXBuildFile; productRef = F1E5479A2AC2B27E00671182 /* DGCharts */; };
		F1E5479D2AC8502D00671182 /* MyChattingTableViewCell.swift in Sources */ = {isa = PBXBuildFile; fileRef = F1E5479C2AC8502D00671182 /* MyChattingTableViewCell.swift */; };
		F1E5479F2AC877C500671182 /* YourChattingTableViewCell.swift in Sources */ = {isa = PBXBuildFile; fileRef = F1E5479E2AC877C500671182 /* YourChattingTableViewCell.swift */; };
		F1E547A52ACABEF700671182 /* APIContants.swift in Sources */ = {isa = PBXBuildFile; fileRef = F1E547A42ACABEF700671182 /* APIContants.swift */; };
		F1EA83A72AD02583006B9741 /* CouncilInfoService.swift in Sources */ = {isa = PBXBuildFile; fileRef = F1EA83A62AD02583006B9741 /* CouncilInfoService.swift */; };
		F1F91D462AD300EA009D95B0 /* PromiseCheckService.swift in Sources */ = {isa = PBXBuildFile; fileRef = F1F91D452AD300EA009D95B0 /* PromiseCheckService.swift */; };
		F1F91D482AD3015E009D95B0 /* PromiseCheckModel.swift in Sources */ = {isa = PBXBuildFile; fileRef = F1F91D472AD3015E009D95B0 /* PromiseCheckModel.swift */; };
/* End PBXBuildFile section */

/* Begin PBXFileReference section */
		0B32C66B2BBF22586B302105 /* Pods-SejongCommunity.release.xcconfig */ = {isa = PBXFileReference; includeInIndex = 1; lastKnownFileType = text.xcconfig; name = "Pods-SejongCommunity.release.xcconfig"; path = "Target Support Files/Pods-SejongCommunity/Pods-SejongCommunity.release.xcconfig"; sourceTree = "<group>"; };
		3AC489C9190C284EB876D4FE /* Pods_SejongCommunity.framework */ = {isa = PBXFileReference; explicitFileType = wrapper.framework; includeInIndex = 0; path = Pods_SejongCommunity.framework; sourceTree = BUILT_PRODUCTS_DIR; };
		E4021E6A2A6F8B1000FFEAB2 /* OpenBoardViewController.swift */ = {isa = PBXFileReference; lastKnownFileType = sourcecode.swift; path = OpenBoardViewController.swift; sourceTree = "<group>"; };
		E4021E702A6F8B5100FFEAB2 /* CouncilBoardViewController.swift */ = {isa = PBXFileReference; lastKnownFileType = sourcecode.swift; path = CouncilBoardViewController.swift; sourceTree = "<group>"; };
		E4021E742A750A4F00FFEAB2 /* CouncilRegisterViewController.swift */ = {isa = PBXFileReference; lastKnownFileType = sourcecode.swift; path = CouncilRegisterViewController.swift; sourceTree = "<group>"; };
		E4021E772A76414400FFEAB2 /* PostDetailViewController.swift */ = {isa = PBXFileReference; lastKnownFileType = sourcecode.swift; path = PostDetailViewController.swift; sourceTree = "<group>"; };
		E4021E792A76494000FFEAB2 /* OpenWtireViewController.swift */ = {isa = PBXFileReference; lastKnownFileType = sourcecode.swift; path = OpenWtireViewController.swift; sourceTree = "<group>"; };
		E4021E7B2A76B7D300FFEAB2 /* CustomTableViewCell.swift */ = {isa = PBXFileReference; lastKnownFileType = sourcecode.swift; path = CustomTableViewCell.swift; sourceTree = "<group>"; };
		E4021EC82A9208A000FFEAB2 /* LoginIntroViewController.swift */ = {isa = PBXFileReference; lastKnownFileType = sourcecode.swift; path = LoginIntroViewController.swift; sourceTree = "<group>"; };
		E4021ECA2A9208B100FFEAB2 /* LoginViewController.swift */ = {isa = PBXFileReference; lastKnownFileType = sourcecode.swift; path = LoginViewController.swift; sourceTree = "<group>"; };
		E4021ED42A9F437200FFEAB2 /* VoteBoardWriteViewController.swift */ = {isa = PBXFileReference; lastKnownFileType = sourcecode.swift; path = VoteBoardWriteViewController.swift; sourceTree = "<group>"; };
		E4021ED62AA5BE4F00FFEAB2 /* NotificationViewController.swift */ = {isa = PBXFileReference; lastKnownFileType = sourcecode.swift; path = NotificationViewController.swift; sourceTree = "<group>"; };
		E472375D2AB83DA5003BD82B /* WebViewController.swift */ = {isa = PBXFileReference; lastKnownFileType = sourcecode.swift; path = WebViewController.swift; sourceTree = "<group>"; };
		E47237602AB972DE003BD82B /* MyWriteViewController.swift */ = {isa = PBXFileReference; lastKnownFileType = sourcecode.swift; path = MyWriteViewController.swift; sourceTree = "<group>"; };
		E47237622ABC0823003BD82B /* NetworkManager.swift */ = {isa = PBXFileReference; lastKnownFileType = sourcecode.swift; path = NetworkManager.swift; sourceTree = "<group>"; };
		E4D466562AAB08B6003E5DD9 /* AuthenticationManager.swift */ = {isa = PBXFileReference; lastKnownFileType = sourcecode.swift; path = AuthenticationManager.swift; sourceTree = "<group>"; };
		E4E9F6572AC85A2B00F8AEAD /* MyCommentViewController.swift */ = {isa = PBXFileReference; lastKnownFileType = sourcecode.swift; path = MyCommentViewController.swift; sourceTree = "<group>"; };
		E4E9F65D2ACBF69F00F8AEAD /* MyCommentDetailViewController.swift */ = {isa = PBXFileReference; lastKnownFileType = sourcecode.swift; path = MyCommentDetailViewController.swift; sourceTree = "<group>"; };
		E4E9F6612AD06C5200F8AEAD /* CustomCommentTableViewCell.swift */ = {isa = PBXFileReference; lastKnownFileType = sourcecode.swift; path = CustomCommentTableViewCell.swift; sourceTree = "<group>"; };
		E4E9F6632AD32E2200F8AEAD /* MyWriteVoteViewController.swift */ = {isa = PBXFileReference; lastKnownFileType = sourcecode.swift; path = MyWriteVoteViewController.swift; sourceTree = "<group>"; };
		E8AB31AE70865DF44DB53231 /* Pods-SejongCommunity.debug.xcconfig */ = {isa = PBXFileReference; includeInIndex = 1; lastKnownFileType = text.xcconfig; name = "Pods-SejongCommunity.debug.xcconfig"; path = "Target Support Files/Pods-SejongCommunity/Pods-SejongCommunity.debug.xcconfig"; sourceTree = "<group>"; };
		F124650C2A67BAB500037D8C /* SejongCommunity.app */ = {isa = PBXFileReference; explicitFileType = wrapper.application; includeInIndex = 0; path = SejongCommunity.app; sourceTree = BUILT_PRODUCTS_DIR; };
		F124650F2A67BAB500037D8C /* AppDelegate.swift */ = {isa = PBXFileReference; lastKnownFileType = sourcecode.swift; path = AppDelegate.swift; sourceTree = "<group>"; };
		F12465112A67BAB500037D8C /* SceneDelegate.swift */ = {isa = PBXFileReference; lastKnownFileType = sourcecode.swift; path = SceneDelegate.swift; sourceTree = "<group>"; };
		F12465182A67BAB600037D8C /* Assets.xcassets */ = {isa = PBXFileReference; lastKnownFileType = folder.assetcatalog; path = Assets.xcassets; sourceTree = "<group>"; };
		F124651B2A67BAB600037D8C /* Base */ = {isa = PBXFileReference; lastKnownFileType = file.storyboard; name = Base; path = Base.lproj/LaunchScreen.storyboard; sourceTree = "<group>"; };
		F124651D2A67BAB600037D8C /* Info.plist */ = {isa = PBXFileReference; lastKnownFileType = text.plist.xml; path = Info.plist; sourceTree = "<group>"; };
		F12FE6B62AD0434C00B47DA0 /* NetworkResult.swift */ = {isa = PBXFileReference; lastKnownFileType = sourcecode.swift; path = NetworkResult.swift; sourceTree = "<group>"; };
		F14120E72B11F4E300909941 /* FileWebKitViewController.swift */ = {isa = PBXFileReference; lastKnownFileType = sourcecode.swift; path = FileWebKitViewController.swift; sourceTree = "<group>"; };
		F1448FF82AD2AEAE00AE9E7A /* DepartmentModel.swift */ = {isa = PBXFileReference; lastKnownFileType = sourcecode.swift; path = DepartmentModel.swift; sourceTree = "<group>"; };
		F1448FFA2AD2AF6D00AE9E7A /* DepartmentService.swift */ = {isa = PBXFileReference; lastKnownFileType = sourcecode.swift; path = DepartmentService.swift; sourceTree = "<group>"; };
		F14E43CB2AD2B2540096221D /* DepartmentPromisesModel.swift */ = {isa = PBXFileReference; lastKnownFileType = sourcecode.swift; path = DepartmentPromisesModel.swift; sourceTree = "<group>"; };
		F14E43CD2AD2B33D0096221D /* DepartmentPromisesService.swift */ = {isa = PBXFileReference; lastKnownFileType = sourcecode.swift; path = DepartmentPromisesService.swift; sourceTree = "<group>"; };
		F154DA9A2A6D244100B6C7F0 /* MainTabBarController.swift */ = {isa = PBXFileReference; lastKnownFileType = sourcecode.swift; path = MainTabBarController.swift; sourceTree = "<group>"; };
		F154DA9C2A6D2B4400B6C7F0 /* MainViewController.swift */ = {isa = PBXFileReference; lastKnownFileType = sourcecode.swift; path = MainViewController.swift; sourceTree = "<group>"; };
		F154DA9F2A6D2BE800B6C7F0 /* ChatViewController.swift */ = {isa = PBXFileReference; lastKnownFileType = sourcecode.swift; path = ChatViewController.swift; sourceTree = "<group>"; };
		F154DAA12A6D2C0A00B6C7F0 /* MypageViewController.swift */ = {isa = PBXFileReference; lastKnownFileType = sourcecode.swift; path = MypageViewController.swift; sourceTree = "<group>"; };
		F16C94022AF6A36900CD01E8 /* OfficeDetailPostModel.swift */ = {isa = PBXFileReference; lastKnownFileType = sourcecode.swift; path = OfficeDetailPostModel.swift; sourceTree = "<group>"; };
		F16C94042AF6A46100CD01E8 /* OfficeDetailPostService.swift */ = {isa = PBXFileReference; lastKnownFileType = sourcecode.swift; path = OfficeDetailPostService.swift; sourceTree = "<group>"; };
		F16C94062AF6B03400CD01E8 /* OfficeFileUploadModel.swift */ = {isa = PBXFileReference; lastKnownFileType = sourcecode.swift; path = OfficeFileUploadModel.swift; sourceTree = "<group>"; };
		F16C94082AF6B2AF00CD01E8 /* OfficeFileUploadService.swift */ = {isa = PBXFileReference; lastKnownFileType = sourcecode.swift; path = OfficeFileUploadService.swift; sourceTree = "<group>"; };
		F16C940A2AF76EDF00CD01E8 /* OfficeFileDeleteModel.swift */ = {isa = PBXFileReference; lastKnownFileType = sourcecode.swift; path = OfficeFileDeleteModel.swift; sourceTree = "<group>"; };
		F16C940C2AF76F3F00CD01E8 /* OfficeFileDeleteService.swift */ = {isa = PBXFileReference; lastKnownFileType = sourcecode.swift; path = OfficeFileDeleteService.swift; sourceTree = "<group>"; };
		F16FE9EE2A70FEEE005F194C /* OfficeDetailsViewController.swift */ = {isa = PBXFileReference; lastKnownFileType = sourcecode.swift; path = OfficeDetailsViewController.swift; sourceTree = "<group>"; };
		F16FE9F02A70FF1B005F194C /* PledgeBoardViewController.swift */ = {isa = PBXFileReference; lastKnownFileType = sourcecode.swift; path = PledgeBoardViewController.swift; sourceTree = "<group>"; };
		F174D7E82AFB7A6A0087A60E /* OfficeDetailDeleteModel.swift */ = {isa = PBXFileReference; lastKnownFileType = sourcecode.swift; path = OfficeDetailDeleteModel.swift; sourceTree = "<group>"; };
		F174D7EA2AFB7AE30087A60E /* OfficeDetailDeleteService.swift */ = {isa = PBXFileReference; lastKnownFileType = sourcecode.swift; path = OfficeDetailDeleteService.swift; sourceTree = "<group>"; };
		F174D84F2B01FA520087A60E /* ProfessorEvaluationModel.swift */ = {isa = PBXFileReference; lastKnownFileType = sourcecode.swift; path = ProfessorEvaluationModel.swift; sourceTree = "<group>"; };
		F174D8512B01FB150087A60E /* ProfessorEvaluationService.swift */ = {isa = PBXFileReference; lastKnownFileType = sourcecode.swift; path = ProfessorEvaluationService.swift; sourceTree = "<group>"; };
		F174D8552B025ADD0087A60E /* ProfessorEvaluationPostService.swift */ = {isa = PBXFileReference; lastKnownFileType = sourcecode.swift; path = ProfessorEvaluationPostService.swift; sourceTree = "<group>"; };
		F174D8572B02699F0087A60E /* ProfessorEvaluationDeleteService.swift */ = {isa = PBXFileReference; lastKnownFileType = sourcecode.swift; path = ProfessorEvaluationDeleteService.swift; sourceTree = "<group>"; };
		F174D8652B04A1800087A60E /* ProfessorEvaluationReportService.swift */ = {isa = PBXFileReference; lastKnownFileType = sourcecode.swift; path = ProfessorEvaluationReportService.swift; sourceTree = "<group>"; };
		F19345B72AD0350100BB5D5E /* CouncilInfoModel.swift */ = {isa = PBXFileReference; lastKnownFileType = sourcecode.swift; path = CouncilInfoModel.swift; sourceTree = "<group>"; };
		F1A5F2252B135FCD0001B5A2 /* ChatPostRoomNumService.swift */ = {isa = PBXFileReference; lastKnownFileType = sourcecode.swift; path = ChatPostRoomNumService.swift; sourceTree = "<group>"; };
		F1A5F2282B1361040001B5A2 /* ChatPostRoomModel.swift */ = {isa = PBXFileReference; lastKnownFileType = sourcecode.swift; path = ChatPostRoomModel.swift; sourceTree = "<group>"; };
		F1A5F22A2B1368840001B5A2 /* ChatGetRoomInfoService.swift */ = {isa = PBXFileReference; lastKnownFileType = sourcecode.swift; path = ChatGetRoomInfoService.swift; sourceTree = "<group>"; };
		F1A5F22C2B1369B40001B5A2 /* ChatGetRoomModel.swift */ = {isa = PBXFileReference; lastKnownFileType = sourcecode.swift; path = ChatGetRoomModel.swift; sourceTree = "<group>"; };
		F1A5F22F2B1487BC0001B5A2 /* SendChatModel.swift */ = {isa = PBXFileReference; lastKnownFileType = sourcecode.swift; path = SendChatModel.swift; sourceTree = "<group>"; };
		F1A5F2312B14884A0001B5A2 /* SendChatService.swift */ = {isa = PBXFileReference; lastKnownFileType = sourcecode.swift; path = SendChatService.swift; sourceTree = "<group>"; };
		F1A5F2332B14A7CA0001B5A2 /* ChatRoomListModel.swift */ = {isa = PBXFileReference; lastKnownFileType = sourcecode.swift; path = ChatRoomListModel.swift; sourceTree = "<group>"; };
		F1A5F2352B14A87B0001B5A2 /* ChatListGetService.swift */ = {isa = PBXFileReference; lastKnownFileType = sourcecode.swift; path = ChatListGetService.swift; sourceTree = "<group>"; };
		F1C838CF2AF653E400303D20 /* ProfessorInfoService.swift */ = {isa = PBXFileReference; lastKnownFileType = sourcecode.swift; path = ProfessorInfoService.swift; sourceTree = "<group>"; };
		F1C838D22AF6543500303D20 /* ProfessorInfoModel.swift */ = {isa = PBXFileReference; lastKnownFileType = sourcecode.swift; path = ProfessorInfoModel.swift; sourceTree = "<group>"; };
		F1C838D42AF6614D00303D20 /* ProfessorLectureModel.swift */ = {isa = PBXFileReference; lastKnownFileType = sourcecode.swift; path = ProfessorLectureModel.swift; sourceTree = "<group>"; };
		F1C838D62AF6631000303D20 /* ProfessorLectureService.swift */ = {isa = PBXFileReference; lastKnownFileType = sourcecode.swift; path = ProfessorLectureService.swift; sourceTree = "<group>"; };
		F1C838D82AF677DA00303D20 /* ProfessorPostReviewMedel.swift */ = {isa = PBXFileReference; lastKnownFileType = sourcecode.swift; path = ProfessorPostReviewMedel.swift; sourceTree = "<group>"; };
		F1C838DA2AF67DDD00303D20 /* OfficeDetailListModel.swift */ = {isa = PBXFileReference; lastKnownFileType = sourcecode.swift; path = OfficeDetailListModel.swift; sourceTree = "<group>"; };
		F1C838DC2AF67FD900303D20 /* OfficeDetailListService.swift */ = {isa = PBXFileReference; lastKnownFileType = sourcecode.swift; path = OfficeDetailListService.swift; sourceTree = "<group>"; };
		F1D495522AD2A5C100078232 /* PromisesPercentageModel.swift */ = {isa = PBXFileReference; lastKnownFileType = sourcecode.swift; path = PromisesPercentageModel.swift; sourceTree = "<group>"; };
		F1D495542AD2A6D500078232 /* PromisesPercentageService.swift */ = {isa = PBXFileReference; lastKnownFileType = sourcecode.swift; path = PromisesPercentageService.swift; sourceTree = "<group>"; };
		F1E547272A7E780A00671182 /* PledgeTableViewCell.swift */ = {isa = PBXFileReference; lastKnownFileType = sourcecode.swift; path = PledgeTableViewCell.swift; sourceTree = "<group>"; };
		F1E5472B2A82680B00671182 /* OfficeDetailsTableViewCell.swift */ = {isa = PBXFileReference; lastKnownFileType = sourcecode.swift; path = OfficeDetailsTableViewCell.swift; sourceTree = "<group>"; };
		F1E5472D2A8275E300671182 /* OfficeDetailsCellTappedViewController.swift */ = {isa = PBXFileReference; lastKnownFileType = sourcecode.swift; path = OfficeDetailsCellTappedViewController.swift; sourceTree = "<group>"; };
		F1E547322A84C11B00671182 /* DepartBoardViewController.swift */ = {isa = PBXFileReference; lastKnownFileType = sourcecode.swift; path = DepartBoardViewController.swift; sourceTree = "<group>"; };
		F1E547342A84C13D00671182 /* DepartOpenWriteViewController.swift */ = {isa = PBXFileReference; lastKnownFileType = sourcecode.swift; path = DepartOpenWriteViewController.swift; sourceTree = "<group>"; };
		F1E547362A84C15400671182 /* DepartPostDetailViewController.swift */ = {isa = PBXFileReference; lastKnownFileType = sourcecode.swift; path = DepartPostDetailViewController.swift; sourceTree = "<group>"; };
		F1E547442A9373B300671182 /* ChatTableViewCell.swift */ = {isa = PBXFileReference; lastKnownFileType = sourcecode.swift; path = ChatTableViewCell.swift; sourceTree = "<group>"; };
		F1E547462A937B8000671182 /* ChatRoomViewController.swift */ = {isa = PBXFileReference; lastKnownFileType = sourcecode.swift; path = ChatRoomViewController.swift; sourceTree = "<group>"; };
		F1E5477E2AA0878700671182 /* ProfessorBoardViewController.swift */ = {isa = PBXFileReference; lastKnownFileType = sourcecode.swift; path = ProfessorBoardViewController.swift; sourceTree = "<group>"; };
		F1E547802AA08B7200671182 /* ProfessorCollectionViewCell.swift */ = {isa = PBXFileReference; lastKnownFileType = sourcecode.swift; path = ProfessorCollectionViewCell.swift; sourceTree = "<group>"; };
		F1E547882AAF289700671182 /* ProfessorInfoViewController.swift */ = {isa = PBXFileReference; lastKnownFileType = sourcecode.swift; path = ProfessorInfoViewController.swift; sourceTree = "<group>"; };
		F1E5478A2AAF3CB900671182 /* ProfessorClassTableViewCell.swift */ = {isa = PBXFileReference; lastKnownFileType = sourcecode.swift; path = ProfessorClassTableViewCell.swift; sourceTree = "<group>"; };
		F1E5478C2AB1EC5A00671182 /* ProfessorDetailClassViewController.swift */ = {isa = PBXFileReference; lastKnownFileType = sourcecode.swift; path = ProfessorDetailClassViewController.swift; sourceTree = "<group>"; };
		F1E5478E2AB8640800671182 /* ProfessorReviewTableViewCell.swift */ = {isa = PBXFileReference; lastKnownFileType = sourcecode.swift; path = ProfessorReviewTableViewCell.swift; sourceTree = "<group>"; };
		F1E547952AB9BC8E00671182 /* WriteOfficeDetailsViewController.swift */ = {isa = PBXFileReference; lastKnownFileType = sourcecode.swift; path = WriteOfficeDetailsViewController.swift; sourceTree = "<group>"; };
		F1E547972AC1A3BD00671182 /* PledgeBoardMenuCollectionViewCell.swift */ = {isa = PBXFileReference; lastKnownFileType = sourcecode.swift; path = PledgeBoardMenuCollectionViewCell.swift; sourceTree = "<group>"; };
		F1E5479C2AC8502D00671182 /* MyChattingTableViewCell.swift */ = {isa = PBXFileReference; lastKnownFileType = sourcecode.swift; path = MyChattingTableViewCell.swift; sourceTree = "<group>"; };
		F1E5479E2AC877C500671182 /* YourChattingTableViewCell.swift */ = {isa = PBXFileReference; lastKnownFileType = sourcecode.swift; path = YourChattingTableViewCell.swift; sourceTree = "<group>"; };
		F1E547A42ACABEF700671182 /* APIContants.swift */ = {isa = PBXFileReference; lastKnownFileType = sourcecode.swift; path = APIContants.swift; sourceTree = "<group>"; };
		F1EA83A62AD02583006B9741 /* CouncilInfoService.swift */ = {isa = PBXFileReference; lastKnownFileType = sourcecode.swift; path = CouncilInfoService.swift; sourceTree = "<group>"; };
		F1F91D452AD300EA009D95B0 /* PromiseCheckService.swift */ = {isa = PBXFileReference; lastKnownFileType = sourcecode.swift; path = PromiseCheckService.swift; sourceTree = "<group>"; };
		F1F91D472AD3015E009D95B0 /* PromiseCheckModel.swift */ = {isa = PBXFileReference; lastKnownFileType = sourcecode.swift; path = PromiseCheckModel.swift; sourceTree = "<group>"; };
/* End PBXFileReference section */

/* Begin PBXFrameworksBuildPhase section */
		F12465092A67BAB500037D8C /* Frameworks */ = {
			isa = PBXFrameworksBuildPhase;
			buildActionMask = 2147483647;
			files = (
				E49CCEFD2B03DDC9006D08B3 /* Alamofire in Frameworks */,
				E49CCEF72B03DC12006D08B3 /* Kingfisher in Frameworks */,
				F1E5479B2AC2B27E00671182 /* DGCharts in Frameworks */,
				E49CCEF42B03DBA3006D08B3 /* SnapKit in Frameworks */,
				E4D4665A2AB1B7DA003E5DD9 /* FSCalendar in Frameworks */,
				E4B1E7522ABD769A00CD4DE2 /* SwiftKeychainWrapper in Frameworks */,
				2C38AE61A054E257F30D24C5 /* Pods_SejongCommunity.framework in Frameworks */,
			);
			runOnlyForDeploymentPostprocessing = 0;
		};
/* End PBXFrameworksBuildPhase section */

/* Begin PBXGroup section */
		326442ED12FEEED8B182975A /* Frameworks */ = {
			isa = PBXGroup;
			children = (
				3AC489C9190C284EB876D4FE /* Pods_SejongCommunity.framework */,
			);
			name = Frameworks;
			sourceTree = "<group>";
		};
		569F81C5A36B2C7C0CF94C7C /* Pods */ = {
			isa = PBXGroup;
			children = (
				E8AB31AE70865DF44DB53231 /* Pods-SejongCommunity.debug.xcconfig */,
				0B32C66B2BBF22586B302105 /* Pods-SejongCommunity.release.xcconfig */,
			);
			path = Pods;
			sourceTree = "<group>";
		};
		E4021E722A6F8B6700FFEAB2 /* BoardVC */ = {
			isa = PBXGroup;
			children = (
				E4021E7B2A76B7D300FFEAB2 /* CustomTableViewCell.swift */,
				E4E9F6612AD06C5200F8AEAD /* CustomCommentTableViewCell.swift */,
				F1E5473B2A84C3E500671182 /* ProfessorBoard */,
				F1E547392A84C31900671182 /* CouncilBoard */,
				F1E547312A84C0A900671182 /* DepartsBoard */,
				E4021E762A763D2400FFEAB2 /* OpenBoard */,
			);
			path = BoardVC;
			sourceTree = "<group>";
		};
		E4021E732A750A2B00FFEAB2 /* MyPageVC */ = {
			isa = PBXGroup;
			children = (
				E4E9F65A2ACBF67400F8AEAD /* MyCommetVC */,
				E4E9F6592ACBF66600F8AEAD /* MyWriteVC */,
				E4021E742A750A4F00FFEAB2 /* CouncilRegisterViewController.swift */,
				F154DAA12A6D2C0A00B6C7F0 /* MypageViewController.swift */,
			);
			path = MyPageVC;
			sourceTree = "<group>";
		};
		E4021E762A763D2400FFEAB2 /* OpenBoard */ = {
			isa = PBXGroup;
			children = (
				E4021E6A2A6F8B1000FFEAB2 /* OpenBoardViewController.swift */,
				E4021E792A76494000FFEAB2 /* OpenWtireViewController.swift */,
				E4021E772A76414400FFEAB2 /* PostDetailViewController.swift */,
			);
			path = OpenBoard;
			sourceTree = "<group>";
		};
		E4021EC72A92088400FFEAB2 /* LoginVC */ = {
			isa = PBXGroup;
			children = (
				E4021EC82A9208A000FFEAB2 /* LoginIntroViewController.swift */,
				E4021ECA2A9208B100FFEAB2 /* LoginViewController.swift */,
				E4D466562AAB08B6003E5DD9 /* AuthenticationManager.swift */,
			);
			path = LoginVC;
			sourceTree = "<group>";
		};
		E472375F2AB83F2B003BD82B /* MainVC */ = {
			isa = PBXGroup;
			children = (
				F154DA9A2A6D244100B6C7F0 /* MainTabBarController.swift */,
				E472375D2AB83DA5003BD82B /* WebViewController.swift */,
				F154DA9C2A6D2B4400B6C7F0 /* MainViewController.swift */,
			);
			path = MainVC;
			sourceTree = "<group>";
		};
		E4E9F6592ACBF66600F8AEAD /* MyWriteVC */ = {
			isa = PBXGroup;
			children = (
				E47237602AB972DE003BD82B /* MyWriteViewController.swift */,
				E4E9F6632AD32E2200F8AEAD /* MyWriteVoteViewController.swift */,
			);
			path = MyWriteVC;
			sourceTree = "<group>";
		};
		E4E9F65A2ACBF67400F8AEAD /* MyCommetVC */ = {
			isa = PBXGroup;
			children = (
				E4E9F6572AC85A2B00F8AEAD /* MyCommentViewController.swift */,
				E4E9F65D2ACBF69F00F8AEAD /* MyCommentDetailViewController.swift */,
			);
			path = MyCommetVC;
			sourceTree = "<group>";
		};
		F12465032A67BAB500037D8C = {
			isa = PBXGroup;
			children = (
				F124650E2A67BAB500037D8C /* SejongCommunity */,
				F124650D2A67BAB500037D8C /* Products */,
				569F81C5A36B2C7C0CF94C7C /* Pods */,
				326442ED12FEEED8B182975A /* Frameworks */,
			);
			sourceTree = "<group>";
		};
		F124650D2A67BAB500037D8C /* Products */ = {
			isa = PBXGroup;
			children = (
				F124650C2A67BAB500037D8C /* SejongCommunity.app */,
			);
			name = Products;
			sourceTree = "<group>";
		};
		F124650E2A67BAB500037D8C /* SejongCommunity */ = {
			isa = PBXGroup;
			children = (
				F1E547A02ACABEBA00671182 /* Model */,
				F1E547A32ACABEDA00671182 /* Service */,
				F1E547382A84C2CA00671182 /* Scene */,
				F124650F2A67BAB500037D8C /* AppDelegate.swift */,
				F12465112A67BAB500037D8C /* SceneDelegate.swift */,
				E472375F2AB83F2B003BD82B /* MainVC */,
				F12465182A67BAB600037D8C /* Assets.xcassets */,
				F124651A2A67BAB600037D8C /* LaunchScreen.storyboard */,
				F124651D2A67BAB600037D8C /* Info.plist */,
				E47237622ABC0823003BD82B /* NetworkManager.swift */,
			);
			path = SejongCommunity;
			sourceTree = "<group>";
		};
		F19345B62AD034EE00BB5D5E /* CouncilBoardModels */ = {
			isa = PBXGroup;
			children = (
				F19345B72AD0350100BB5D5E /* CouncilInfoModel.swift */,
				F1448FF82AD2AEAE00AE9E7A /* DepartmentModel.swift */,
				F14E43CB2AD2B2540096221D /* DepartmentPromisesModel.swift */,
				F1D495522AD2A5C100078232 /* PromisesPercentageModel.swift */,
				F1F91D472AD3015E009D95B0 /* PromiseCheckModel.swift */,
				F1C838DA2AF67DDD00303D20 /* OfficeDetailListModel.swift */,
				F16C94022AF6A36900CD01E8 /* OfficeDetailPostModel.swift */,
				F16C94062AF6B03400CD01E8 /* OfficeFileUploadModel.swift */,
				F16C940A2AF76EDF00CD01E8 /* OfficeFileDeleteModel.swift */,
				F174D7E82AFB7A6A0087A60E /* OfficeDetailDeleteModel.swift */,
			);
			path = CouncilBoardModels;
			sourceTree = "<group>";
		};
		F1A5F2242B135F920001B5A2 /* ChattingServices */ = {
			isa = PBXGroup;
			children = (
				F1A5F2252B135FCD0001B5A2 /* ChatPostRoomNumService.swift */,
				F1A5F22A2B1368840001B5A2 /* ChatGetRoomInfoService.swift */,
				F1A5F2312B14884A0001B5A2 /* SendChatService.swift */,
				F1A5F2352B14A87B0001B5A2 /* ChatListGetService.swift */,
			);
			path = ChattingServices;
			sourceTree = "<group>";
		};
		F1A5F2272B1360D30001B5A2 /* ChattingModels */ = {
			isa = PBXGroup;
			children = (
				F1A5F2282B1361040001B5A2 /* ChatPostRoomModel.swift */,
				F1A5F22C2B1369B40001B5A2 /* ChatGetRoomModel.swift */,
				F1A5F22F2B1487BC0001B5A2 /* SendChatModel.swift */,
				F1A5F2332B14A7CA0001B5A2 /* ChatRoomListModel.swift */,
			);
			path = ChattingModels;
			sourceTree = "<group>";
		};
		F1C838CE2AF6539400303D20 /* ProfessorServices */ = {
			isa = PBXGroup;
			children = (
				F1C838CF2AF653E400303D20 /* ProfessorInfoService.swift */,
				F1C838D62AF6631000303D20 /* ProfessorLectureService.swift */,
				F174D8512B01FB150087A60E /* ProfessorEvaluationService.swift */,
				F174D8552B025ADD0087A60E /* ProfessorEvaluationPostService.swift */,
				F174D8572B02699F0087A60E /* ProfessorEvaluationDeleteService.swift */,
				F174D8652B04A1800087A60E /* ProfessorEvaluationReportService.swift */,
			);
			path = ProfessorServices;
			sourceTree = "<group>";
		};
		F1C838D12AF6541500303D20 /* ProfessorModels */ = {
			isa = PBXGroup;
			children = (
				F1C838D22AF6543500303D20 /* ProfessorInfoModel.swift */,
				F1C838D42AF6614D00303D20 /* ProfessorLectureModel.swift */,
				F1C838D82AF677DA00303D20 /* ProfessorPostReviewMedel.swift */,
				F174D84F2B01FA520087A60E /* ProfessorEvaluationModel.swift */,
			);
			path = ProfessorModels;
			sourceTree = "<group>";
		};
		F1E547312A84C0A900671182 /* DepartsBoard */ = {
			isa = PBXGroup;
			children = (
				E4021ED42A9F437200FFEAB2 /* VoteBoardWriteViewController.swift */,
				F1E547322A84C11B00671182 /* DepartBoardViewController.swift */,
				F1E547342A84C13D00671182 /* DepartOpenWriteViewController.swift */,
				F1E547362A84C15400671182 /* DepartPostDetailViewController.swift */,
			);
			path = DepartsBoard;
			sourceTree = "<group>";
		};
		F1E547382A84C2CA00671182 /* Scene */ = {
			isa = PBXGroup;
			children = (
				E4021ED62AA5BE4F00FFEAB2 /* NotificationViewController.swift */,
				E4021E722A6F8B6700FFEAB2 /* BoardVC */,
				E4021EC72A92088400FFEAB2 /* LoginVC */,
				F1E5473A2A84C37E00671182 /* Chat */,
				E4021E732A750A2B00FFEAB2 /* MyPageVC */,
			);
			path = Scene;
			sourceTree = "<group>";
		};
		F1E547392A84C31900671182 /* CouncilBoard */ = {
			isa = PBXGroup;
			children = (
				E4021E702A6F8B5100FFEAB2 /* CouncilBoardViewController.swift */,
				F16FE9EE2A70FEEE005F194C /* OfficeDetailsViewController.swift */,
				F1E5472D2A8275E300671182 /* OfficeDetailsCellTappedViewController.swift */,
				F1E5472B2A82680B00671182 /* OfficeDetailsTableViewCell.swift */,
				F16FE9F02A70FF1B005F194C /* PledgeBoardViewController.swift */,
				F1E547972AC1A3BD00671182 /* PledgeBoardMenuCollectionViewCell.swift */,
				F1E547272A7E780A00671182 /* PledgeTableViewCell.swift */,
				F1E547952AB9BC8E00671182 /* WriteOfficeDetailsViewController.swift */,
				F14120E72B11F4E300909941 /* FileWebKitViewController.swift */,
			);
			path = CouncilBoard;
			sourceTree = "<group>";
		};
		F1E5473A2A84C37E00671182 /* Chat */ = {
			isa = PBXGroup;
			children = (
				F154DA9F2A6D2BE800B6C7F0 /* ChatViewController.swift */,
				F1E547442A9373B300671182 /* ChatTableViewCell.swift */,
				F1E547462A937B8000671182 /* ChatRoomViewController.swift */,
				F1E5479C2AC8502D00671182 /* MyChattingTableViewCell.swift */,
				F1E5479E2AC877C500671182 /* YourChattingTableViewCell.swift */,
			);
			path = Chat;
			sourceTree = "<group>";
		};
		F1E5473B2A84C3E500671182 /* ProfessorBoard */ = {
			isa = PBXGroup;
			children = (
				F1E5477E2AA0878700671182 /* ProfessorBoardViewController.swift */,
				F1E547802AA08B7200671182 /* ProfessorCollectionViewCell.swift */,
				F1E547882AAF289700671182 /* ProfessorInfoViewController.swift */,
				F1E5478A2AAF3CB900671182 /* ProfessorClassTableViewCell.swift */,
				F1E5478C2AB1EC5A00671182 /* ProfessorDetailClassViewController.swift */,
				F1E5478E2AB8640800671182 /* ProfessorReviewTableViewCell.swift */,
			);
			path = ProfessorBoard;
			sourceTree = "<group>";
		};
		F1E547A02ACABEBA00671182 /* Model */ = {
			isa = PBXGroup;
			children = (
				F1A5F2272B1360D30001B5A2 /* ChattingModels */,
				F19345B62AD034EE00BB5D5E /* CouncilBoardModels */,
				F1C838D12AF6541500303D20 /* ProfessorModels */,
			);
			path = Model;
			sourceTree = "<group>";
		};
		F1E547A32ACABEDA00671182 /* Service */ = {
			isa = PBXGroup;
			children = (
				F1E547A42ACABEF700671182 /* APIContants.swift */,
				F12FE6B62AD0434C00B47DA0 /* NetworkResult.swift */,
				F1A5F2242B135F920001B5A2 /* ChattingServices */,
				F1EA83A52AD0252B006B9741 /* CouncilBoardServices */,
				F1C838CE2AF6539400303D20 /* ProfessorServices */,
			);
			path = Service;
			sourceTree = "<group>";
		};
		F1EA83A52AD0252B006B9741 /* CouncilBoardServices */ = {
			isa = PBXGroup;
			children = (
				F1EA83A62AD02583006B9741 /* CouncilInfoService.swift */,
				F1448FFA2AD2AF6D00AE9E7A /* DepartmentService.swift */,
				F14E43CD2AD2B33D0096221D /* DepartmentPromisesService.swift */,
				F1F91D452AD300EA009D95B0 /* PromiseCheckService.swift */,
				F1D495542AD2A6D500078232 /* PromisesPercentageService.swift */,
				F1C838DC2AF67FD900303D20 /* OfficeDetailListService.swift */,
				F16C94042AF6A46100CD01E8 /* OfficeDetailPostService.swift */,
				F16C94082AF6B2AF00CD01E8 /* OfficeFileUploadService.swift */,
				F16C940C2AF76F3F00CD01E8 /* OfficeFileDeleteService.swift */,
				F174D7EA2AFB7AE30087A60E /* OfficeDetailDeleteService.swift */,
			);
			path = CouncilBoardServices;
			sourceTree = "<group>";
		};
/* End PBXGroup section */

/* Begin PBXNativeTarget section */
		F124650B2A67BAB500037D8C /* SejongCommunity */ = {
			isa = PBXNativeTarget;
			buildConfigurationList = F12465202A67BAB600037D8C /* Build configuration list for PBXNativeTarget "SejongCommunity" */;
			buildPhases = (
				05C50AF5F88B8488B037D838 /* [CP] Check Pods Manifest.lock */,
				F12465082A67BAB500037D8C /* Sources */,
				F12465092A67BAB500037D8C /* Frameworks */,
				F124650A2A67BAB500037D8C /* Resources */,
				7CEFEAA2406C6DD68BCAAC05 /* [CP] Embed Pods Frameworks */,
			);
			buildRules = (
			);
			dependencies = (
			);
			name = SejongCommunity;
			packageProductDependencies = (
				E4D466592AB1B7DA003E5DD9 /* FSCalendar */,
				F1E5479A2AC2B27E00671182 /* DGCharts */,
				E4B1E7512ABD769A00CD4DE2 /* SwiftKeychainWrapper */,
				E49CCEF32B03DBA3006D08B3 /* SnapKit */,
				E49CCEF62B03DC12006D08B3 /* Kingfisher */,
				E49CCEFC2B03DDC9006D08B3 /* Alamofire */,
			);
			productName = SejongCommunity;
			productReference = F124650C2A67BAB500037D8C /* SejongCommunity.app */;
			productType = "com.apple.product-type.application";
		};
/* End PBXNativeTarget section */

/* Begin PBXProject section */
		F12465042A67BAB500037D8C /* Project object */ = {
			isa = PBXProject;
			attributes = {
				BuildIndependentTargetsInParallel = 1;
				LastSwiftUpdateCheck = 1430;
				LastUpgradeCheck = 1430;
				TargetAttributes = {
					F124650B2A67BAB500037D8C = {
						CreatedOnToolsVersion = 14.3.1;
					};
				};
			};
			buildConfigurationList = F12465072A67BAB500037D8C /* Build configuration list for PBXProject "SejongCommunity" */;
			compatibilityVersion = "Xcode 14.0";
			developmentRegion = en;
			hasScannedForEncodings = 0;
			knownRegions = (
				en,
				Base,
			);
			mainGroup = F12465032A67BAB500037D8C;
			packageReferences = (
				E4D466582AB1B7DA003E5DD9 /* XCRemoteSwiftPackageReference "FSCalendar" */,
				F1E547992AC2B27E00671182 /* XCRemoteSwiftPackageReference "Charts" */,
				E4B1E7502ABD769A00CD4DE2 /* XCRemoteSwiftPackageReference "SwiftKeychainWrapper" */,
				E49CCEF22B03DBA3006D08B3 /* XCRemoteSwiftPackageReference "SnapKit" */,
				E49CCEF52B03DC12006D08B3 /* XCRemoteSwiftPackageReference "Kingfisher" */,
				E49CCEFB2B03DDC9006D08B3 /* XCRemoteSwiftPackageReference "Alamofire" */,
			);
			productRefGroup = F124650D2A67BAB500037D8C /* Products */;
			projectDirPath = "";
			projectRoot = "";
			targets = (
				F124650B2A67BAB500037D8C /* SejongCommunity */,
			);
		};
/* End PBXProject section */

/* Begin PBXResourcesBuildPhase section */
		F124650A2A67BAB500037D8C /* Resources */ = {
			isa = PBXResourcesBuildPhase;
			buildActionMask = 2147483647;
			files = (
				F124651C2A67BAB600037D8C /* LaunchScreen.storyboard in Resources */,
				F12465192A67BAB600037D8C /* Assets.xcassets in Resources */,
			);
			runOnlyForDeploymentPostprocessing = 0;
		};
/* End PBXResourcesBuildPhase section */

/* Begin PBXShellScriptBuildPhase section */
		05C50AF5F88B8488B037D838 /* [CP] Check Pods Manifest.lock */ = {
			isa = PBXShellScriptBuildPhase;
			buildActionMask = 2147483647;
			files = (
			);
			inputFileListPaths = (
			);
			inputPaths = (
				"${PODS_PODFILE_DIR_PATH}/Podfile.lock",
				"${PODS_ROOT}/Manifest.lock",
			);
			name = "[CP] Check Pods Manifest.lock";
			outputFileListPaths = (
			);
			outputPaths = (
				"$(DERIVED_FILE_DIR)/Pods-SejongCommunity-checkManifestLockResult.txt",
			);
			runOnlyForDeploymentPostprocessing = 0;
			shellPath = /bin/sh;
			shellScript = "diff \"${PODS_PODFILE_DIR_PATH}/Podfile.lock\" \"${PODS_ROOT}/Manifest.lock\" > /dev/null\nif [ $? != 0 ] ; then\n    # print error to STDERR\n    echo \"error: The sandbox is not in sync with the Podfile.lock. Run 'pod install' or update your CocoaPods installation.\" >&2\n    exit 1\nfi\n# This output is used by Xcode 'outputs' to avoid re-running this script phase.\necho \"SUCCESS\" > \"${SCRIPT_OUTPUT_FILE_0}\"\n";
			showEnvVarsInLog = 0;
		};
		7CEFEAA2406C6DD68BCAAC05 /* [CP] Embed Pods Frameworks */ = {
			isa = PBXShellScriptBuildPhase;
			buildActionMask = 2147483647;
			files = (
			);
			inputFileListPaths = (
				"${PODS_ROOT}/Target Support Files/Pods-SejongCommunity/Pods-SejongCommunity-frameworks-${CONFIGURATION}-input-files.xcfilelist",
			);
			name = "[CP] Embed Pods Frameworks";
			outputFileListPaths = (
				"${PODS_ROOT}/Target Support Files/Pods-SejongCommunity/Pods-SejongCommunity-frameworks-${CONFIGURATION}-output-files.xcfilelist",
			);
			runOnlyForDeploymentPostprocessing = 0;
			shellPath = /bin/sh;
			shellScript = "\"${PODS_ROOT}/Target Support Files/Pods-SejongCommunity/Pods-SejongCommunity-frameworks.sh\"\n";
			showEnvVarsInLog = 0;
		};
/* End PBXShellScriptBuildPhase section */

/* Begin PBXSourcesBuildPhase section */
		F12465082A67BAB500037D8C /* Sources */ = {
			isa = PBXSourcesBuildPhase;
			buildActionMask = 2147483647;
			files = (
				F14E43CC2AD2B2540096221D /* DepartmentPromisesModel.swift in Sources */,
				F14E43CE2AD2B33D0096221D /* DepartmentPromisesService.swift in Sources */,
				E4021E6B2A6F8B1000FFEAB2 /* OpenBoardViewController.swift in Sources */,
				E4021E782A76414400FFEAB2 /* PostDetailViewController.swift in Sources */,
				F1C838DD2AF67FD900303D20 /* OfficeDetailListService.swift in Sources */,
				F1A5F2262B135FCD0001B5A2 /* ChatPostRoomNumService.swift in Sources */,
				F174D8502B01FA520087A60E /* ProfessorEvaluationModel.swift in Sources */,
				F174D8522B01FB150087A60E /* ProfessorEvaluationService.swift in Sources */,
				F1E5472C2A82680B00671182 /* OfficeDetailsTableViewCell.swift in Sources */,
				F1E5478D2AB1EC5A00671182 /* ProfessorDetailClassViewController.swift in Sources */,
				F1E547962AB9BC8E00671182 /* WriteOfficeDetailsViewController.swift in Sources */,
				E4021ECB2A9208B100FFEAB2 /* LoginViewController.swift in Sources */,
				E4021ED52A9F437200FFEAB2 /* VoteBoardWriteViewController.swift in Sources */,
				E4021E712A6F8B5100FFEAB2 /* CouncilBoardViewController.swift in Sources */,
				F1448FFB2AD2AF6D00AE9E7A /* DepartmentService.swift in Sources */,
				F1F91D482AD3015E009D95B0 /* PromiseCheckModel.swift in Sources */,
				F1E547452A9373B300671182 /* ChatTableViewCell.swift in Sources */,
				E4021E752A750A4F00FFEAB2 /* CouncilRegisterViewController.swift in Sources */,
				F16C940D2AF76F3F00CD01E8 /* OfficeFileDeleteService.swift in Sources */,
				E4021E7A2A76494000FFEAB2 /* OpenWtireViewController.swift in Sources */,
				F174D7E92AFB7A6A0087A60E /* OfficeDetailDeleteModel.swift in Sources */,
				F1C838D72AF6631000303D20 /* ProfessorLectureService.swift in Sources */,
				E4E9F6622AD06C5200F8AEAD /* CustomCommentTableViewCell.swift in Sources */,
				F174D7EB2AFB7AE30087A60E /* OfficeDetailDeleteService.swift in Sources */,
				F1E547352A84C13D00671182 /* DepartOpenWriteViewController.swift in Sources */,
				F12465102A67BAB500037D8C /* AppDelegate.swift in Sources */,
				F1E5477F2AA0878700671182 /* ProfessorBoardViewController.swift in Sources */,
				F154DAA22A6D2C0A00B6C7F0 /* MypageViewController.swift in Sources */,
				E4E9F6582AC85A2B00F8AEAD /* MyCommentViewController.swift in Sources */,
				F16FE9F12A70FF1B005F194C /* PledgeBoardViewController.swift in Sources */,
				F154DA9B2A6D244100B6C7F0 /* MainTabBarController.swift in Sources */,
				F1F91D462AD300EA009D95B0 /* PromiseCheckService.swift in Sources */,
				F1C838DB2AF67DDD00303D20 /* OfficeDetailListModel.swift in Sources */,
				F12FE6B72AD0434C00B47DA0 /* NetworkResult.swift in Sources */,
				F1E547982AC1A3BD00671182 /* PledgeBoardMenuCollectionViewCell.swift in Sources */,
				E472375E2AB83DA5003BD82B /* WebViewController.swift in Sources */,
				F1A5F2322B14884A0001B5A2 /* SendChatService.swift in Sources */,
				E47237632ABC0823003BD82B /* NetworkManager.swift in Sources */,
				F1E547372A84C15400671182 /* DepartPostDetailViewController.swift in Sources */,
				F174D8562B025ADD0087A60E /* ProfessorEvaluationPostService.swift in Sources */,
				F1448FF92AD2AEAE00AE9E7A /* DepartmentModel.swift in Sources */,
				E4021E7C2A76B7D300FFEAB2 /* CustomTableViewCell.swift in Sources */,
				F1C838D92AF677DA00303D20 /* ProfessorPostReviewMedel.swift in Sources */,
				F1A5F2292B1361040001B5A2 /* ChatPostRoomModel.swift in Sources */,
				F1E5478B2AAF3CB900671182 /* ProfessorClassTableViewCell.swift in Sources */,
				E4021ED72AA5BE4F00FFEAB2 /* NotificationViewController.swift in Sources */,
				F1E547332A84C11B00671182 /* DepartBoardViewController.swift in Sources */,
				F1EA83A72AD02583006B9741 /* CouncilInfoService.swift in Sources */,
				F16C940B2AF76EDF00CD01E8 /* OfficeFileDeleteModel.swift in Sources */,
				F12465122A67BAB500037D8C /* SceneDelegate.swift in Sources */,
				F1E547A52ACABEF700671182 /* APIContants.swift in Sources */,
				F14120E82B11F4E300909941 /* FileWebKitViewController.swift in Sources */,
				F1E5479F2AC877C500671182 /* YourChattingTableViewCell.swift in Sources */,
				F154DAA02A6D2BE800B6C7F0 /* ChatViewController.swift in Sources */,
				E4E9F65E2ACBF69F00F8AEAD /* MyCommentDetailViewController.swift in Sources */,
				F1E547472A937B8000671182 /* ChatRoomViewController.swift in Sources */,
				F1A5F2302B1487BC0001B5A2 /* SendChatModel.swift in Sources */,
				F1E547282A7E780A00671182 /* PledgeTableViewCell.swift in Sources */,
				F19345B82AD0350100BB5D5E /* CouncilInfoModel.swift in Sources */,
				F16C94032AF6A36900CD01E8 /* OfficeDetailPostModel.swift in Sources */,
				F1D495552AD2A6D500078232 /* PromisesPercentageService.swift in Sources */,
				F16C94092AF6B2AF00CD01E8 /* OfficeFileUploadService.swift in Sources */,
				F1A5F2362B14A87B0001B5A2 /* ChatListGetService.swift in Sources */,
				F1E5478F2AB8640800671182 /* ProfessorReviewTableViewCell.swift in Sources */,
				F154DA9D2A6D2B4400B6C7F0 /* MainViewController.swift in Sources */,
				E4021EC92A9208A000FFEAB2 /* LoginIntroViewController.swift in Sources */,
				F1C838D32AF6543500303D20 /* ProfessorInfoModel.swift in Sources */,
				F1E547812AA08B7200671182 /* ProfessorCollectionViewCell.swift in Sources */,
				F1A5F22B2B1368840001B5A2 /* ChatGetRoomInfoService.swift in Sources */,
				F1A5F2342B14A7CA0001B5A2 /* ChatRoomListModel.swift in Sources */,
				F16C94072AF6B03400CD01E8 /* OfficeFileUploadModel.swift in Sources */,
				F1C838D02AF653E400303D20 /* ProfessorInfoService.swift in Sources */,
				E4E9F6642AD32E2200F8AEAD /* MyWriteVoteViewController.swift in Sources */,
				F1D495532AD2A5C100078232 /* PromisesPercentageModel.swift in Sources */,
				F174D8662B04A1800087A60E /* ProfessorEvaluationReportService.swift in Sources */,
				E4D466572AAB08B6003E5DD9 /* AuthenticationManager.swift in Sources */,
				F1C838D52AF6614D00303D20 /* ProfessorLectureModel.swift in Sources */,
				F16C94052AF6A46100CD01E8 /* OfficeDetailPostService.swift in Sources */,
				F1A5F22D2B1369B40001B5A2 /* ChatGetRoomModel.swift in Sources */,
				F1E5472E2A8275E300671182 /* OfficeDetailsCellTappedViewController.swift in Sources */,
				F1E547892AAF289700671182 /* ProfessorInfoViewController.swift in Sources */,
				F174D8582B02699F0087A60E /* ProfessorEvaluationDeleteService.swift in Sources */,
				E47237612AB972DE003BD82B /* MyWriteViewController.swift in Sources */,
				F1E5479D2AC8502D00671182 /* MyChattingTableViewCell.swift in Sources */,
				F16FE9EF2A70FEEE005F194C /* OfficeDetailsViewController.swift in Sources */,
			);
			runOnlyForDeploymentPostprocessing = 0;
		};
/* End PBXSourcesBuildPhase section */

/* Begin PBXVariantGroup section */
		F124651A2A67BAB600037D8C /* LaunchScreen.storyboard */ = {
			isa = PBXVariantGroup;
			children = (
				F124651B2A67BAB600037D8C /* Base */,
			);
			name = LaunchScreen.storyboard;
			sourceTree = "<group>";
		};
/* End PBXVariantGroup section */

/* Begin XCBuildConfiguration section */
		F124651E2A67BAB600037D8C /* Debug */ = {
			isa = XCBuildConfiguration;
			buildSettings = {
				ALWAYS_SEARCH_USER_PATHS = NO;
				CLANG_ANALYZER_NONNULL = YES;
				CLANG_ANALYZER_NUMBER_OBJECT_CONVERSION = YES_AGGRESSIVE;
				CLANG_CXX_LANGUAGE_STANDARD = "gnu++20";
				CLANG_ENABLE_MODULES = YES;
				CLANG_ENABLE_OBJC_ARC = YES;
				CLANG_ENABLE_OBJC_WEAK = YES;
				CLANG_WARN_BLOCK_CAPTURE_AUTORELEASING = YES;
				CLANG_WARN_BOOL_CONVERSION = YES;
				CLANG_WARN_COMMA = YES;
				CLANG_WARN_CONSTANT_CONVERSION = YES;
				CLANG_WARN_DEPRECATED_OBJC_IMPLEMENTATIONS = YES;
				CLANG_WARN_DIRECT_OBJC_ISA_USAGE = YES_ERROR;
				CLANG_WARN_DOCUMENTATION_COMMENTS = YES;
				CLANG_WARN_EMPTY_BODY = YES;
				CLANG_WARN_ENUM_CONVERSION = YES;
				CLANG_WARN_INFINITE_RECURSION = YES;
				CLANG_WARN_INT_CONVERSION = YES;
				CLANG_WARN_NON_LITERAL_NULL_CONVERSION = YES;
				CLANG_WARN_OBJC_IMPLICIT_RETAIN_SELF = YES;
				CLANG_WARN_OBJC_LITERAL_CONVERSION = YES;
				CLANG_WARN_OBJC_ROOT_CLASS = YES_ERROR;
				CLANG_WARN_QUOTED_INCLUDE_IN_FRAMEWORK_HEADER = YES;
				CLANG_WARN_RANGE_LOOP_ANALYSIS = YES;
				CLANG_WARN_STRICT_PROTOTYPES = YES;
				CLANG_WARN_SUSPICIOUS_MOVE = YES;
				CLANG_WARN_UNGUARDED_AVAILABILITY = YES_AGGRESSIVE;
				CLANG_WARN_UNREACHABLE_CODE = YES;
				CLANG_WARN__DUPLICATE_METHOD_MATCH = YES;
				COPY_PHASE_STRIP = NO;
				DEBUG_INFORMATION_FORMAT = dwarf;
				ENABLE_STRICT_OBJC_MSGSEND = YES;
				ENABLE_TESTABILITY = YES;
				GCC_C_LANGUAGE_STANDARD = gnu11;
				GCC_DYNAMIC_NO_PIC = NO;
				GCC_NO_COMMON_BLOCKS = YES;
				GCC_OPTIMIZATION_LEVEL = 0;
				GCC_PREPROCESSOR_DEFINITIONS = (
					"DEBUG=1",
					"$(inherited)",
				);
				GCC_WARN_64_TO_32_BIT_CONVERSION = YES;
				GCC_WARN_ABOUT_RETURN_TYPE = YES_ERROR;
				GCC_WARN_UNDECLARED_SELECTOR = YES;
				GCC_WARN_UNINITIALIZED_AUTOS = YES_AGGRESSIVE;
				GCC_WARN_UNUSED_FUNCTION = YES;
				GCC_WARN_UNUSED_VARIABLE = YES;
				IPHONEOS_DEPLOYMENT_TARGET = 17.0;
				MTL_ENABLE_DEBUG_INFO = INCLUDE_SOURCE;
				MTL_FAST_MATH = YES;
				ONLY_ACTIVE_ARCH = YES;
				SDKROOT = iphoneos;
				SWIFT_ACTIVE_COMPILATION_CONDITIONS = DEBUG;
				SWIFT_OPTIMIZATION_LEVEL = "-Onone";
			};
			name = Debug;
		};
		F124651F2A67BAB600037D8C /* Release */ = {
			isa = XCBuildConfiguration;
			buildSettings = {
				ALWAYS_SEARCH_USER_PATHS = NO;
				CLANG_ANALYZER_NONNULL = YES;
				CLANG_ANALYZER_NUMBER_OBJECT_CONVERSION = YES_AGGRESSIVE;
				CLANG_CXX_LANGUAGE_STANDARD = "gnu++20";
				CLANG_ENABLE_MODULES = YES;
				CLANG_ENABLE_OBJC_ARC = YES;
				CLANG_ENABLE_OBJC_WEAK = YES;
				CLANG_WARN_BLOCK_CAPTURE_AUTORELEASING = YES;
				CLANG_WARN_BOOL_CONVERSION = YES;
				CLANG_WARN_COMMA = YES;
				CLANG_WARN_CONSTANT_CONVERSION = YES;
				CLANG_WARN_DEPRECATED_OBJC_IMPLEMENTATIONS = YES;
				CLANG_WARN_DIRECT_OBJC_ISA_USAGE = YES_ERROR;
				CLANG_WARN_DOCUMENTATION_COMMENTS = YES;
				CLANG_WARN_EMPTY_BODY = YES;
				CLANG_WARN_ENUM_CONVERSION = YES;
				CLANG_WARN_INFINITE_RECURSION = YES;
				CLANG_WARN_INT_CONVERSION = YES;
				CLANG_WARN_NON_LITERAL_NULL_CONVERSION = YES;
				CLANG_WARN_OBJC_IMPLICIT_RETAIN_SELF = YES;
				CLANG_WARN_OBJC_LITERAL_CONVERSION = YES;
				CLANG_WARN_OBJC_ROOT_CLASS = YES_ERROR;
				CLANG_WARN_QUOTED_INCLUDE_IN_FRAMEWORK_HEADER = YES;
				CLANG_WARN_RANGE_LOOP_ANALYSIS = YES;
				CLANG_WARN_STRICT_PROTOTYPES = YES;
				CLANG_WARN_SUSPICIOUS_MOVE = YES;
				CLANG_WARN_UNGUARDED_AVAILABILITY = YES_AGGRESSIVE;
				CLANG_WARN_UNREACHABLE_CODE = YES;
				CLANG_WARN__DUPLICATE_METHOD_MATCH = YES;
				COPY_PHASE_STRIP = NO;
				DEBUG_INFORMATION_FORMAT = "dwarf-with-dsym";
				ENABLE_NS_ASSERTIONS = NO;
				ENABLE_STRICT_OBJC_MSGSEND = YES;
				GCC_C_LANGUAGE_STANDARD = gnu11;
				GCC_NO_COMMON_BLOCKS = YES;
				GCC_WARN_64_TO_32_BIT_CONVERSION = YES;
				GCC_WARN_ABOUT_RETURN_TYPE = YES_ERROR;
				GCC_WARN_UNDECLARED_SELECTOR = YES;
				GCC_WARN_UNINITIALIZED_AUTOS = YES_AGGRESSIVE;
				GCC_WARN_UNUSED_FUNCTION = YES;
				GCC_WARN_UNUSED_VARIABLE = YES;
				IPHONEOS_DEPLOYMENT_TARGET = 17.0;
				MTL_ENABLE_DEBUG_INFO = NO;
				MTL_FAST_MATH = YES;
				SDKROOT = iphoneos;
				SWIFT_COMPILATION_MODE = wholemodule;
				SWIFT_OPTIMIZATION_LEVEL = "-O";
				VALIDATE_PRODUCT = YES;
			};
			name = Release;
		};
		F12465212A67BAB600037D8C /* Debug */ = {
			isa = XCBuildConfiguration;
			baseConfigurationReference = E8AB31AE70865DF44DB53231 /* Pods-SejongCommunity.debug.xcconfig */;
			buildSettings = {
				ASSETCATALOG_COMPILER_APPICON_NAME = AppIcon;
				ASSETCATALOG_COMPILER_GLOBAL_ACCENT_COLOR_NAME = AccentColor;
				CODE_SIGN_STYLE = Automatic;
				CURRENT_PROJECT_VERSION = 1;
				DEVELOPMENT_TEAM = 5YM44C4YT8;
				GENERATE_INFOPLIST_FILE = YES;
				INFOPLIST_FILE = SejongCommunity/Info.plist;
				INFOPLIST_KEY_UIApplicationSupportsIndirectInputEvents = YES;
				INFOPLIST_KEY_UILaunchStoryboardName = LaunchScreen;
				INFOPLIST_KEY_UISupportedInterfaceOrientations_iPad = "UIInterfaceOrientationPortrait UIInterfaceOrientationPortraitUpsideDown UIInterfaceOrientationLandscapeLeft UIInterfaceOrientationLandscapeRight";
				INFOPLIST_KEY_UISupportedInterfaceOrientations_iPhone = "UIInterfaceOrientationPortrait UIInterfaceOrientationLandscapeLeft UIInterfaceOrientationLandscapeRight";
				IPHONEOS_DEPLOYMENT_TARGET = 13.0;
				LD_RUNPATH_SEARCH_PATHS = (
					"$(inherited)",
					"@executable_path/Frameworks",
				);
				MARKETING_VERSION = 1.0;
				PRODUCT_BUNDLE_IDENTIFIER = co.alstn38.SejongCommunity;
				PRODUCT_NAME = "$(TARGET_NAME)";
				SWIFT_EMIT_LOC_STRINGS = YES;
				SWIFT_VERSION = 5.0;
				TARGETED_DEVICE_FAMILY = "1,2";
			};
			name = Debug;
		};
		F12465222A67BAB600037D8C /* Release */ = {
			isa = XCBuildConfiguration;
			baseConfigurationReference = 0B32C66B2BBF22586B302105 /* Pods-SejongCommunity.release.xcconfig */;
			buildSettings = {
				ASSETCATALOG_COMPILER_APPICON_NAME = AppIcon;
				ASSETCATALOG_COMPILER_GLOBAL_ACCENT_COLOR_NAME = AccentColor;
				CODE_SIGN_STYLE = Automatic;
				CURRENT_PROJECT_VERSION = 1;
				DEVELOPMENT_TEAM = 5YM44C4YT8;
				GENERATE_INFOPLIST_FILE = YES;
				INFOPLIST_FILE = SejongCommunity/Info.plist;
				INFOPLIST_KEY_UIApplicationSupportsIndirectInputEvents = YES;
				INFOPLIST_KEY_UILaunchStoryboardName = LaunchScreen;
				INFOPLIST_KEY_UISupportedInterfaceOrientations_iPad = "UIInterfaceOrientationPortrait UIInterfaceOrientationPortraitUpsideDown UIInterfaceOrientationLandscapeLeft UIInterfaceOrientationLandscapeRight";
				INFOPLIST_KEY_UISupportedInterfaceOrientations_iPhone = "UIInterfaceOrientationPortrait UIInterfaceOrientationLandscapeLeft UIInterfaceOrientationLandscapeRight";
				IPHONEOS_DEPLOYMENT_TARGET = 13.0;
				LD_RUNPATH_SEARCH_PATHS = (
					"$(inherited)",
					"@executable_path/Frameworks",
				);
				MARKETING_VERSION = 1.0;
				PRODUCT_BUNDLE_IDENTIFIER = co.alstn38.SejongCommunity;
				PRODUCT_NAME = "$(TARGET_NAME)";
				SWIFT_EMIT_LOC_STRINGS = YES;
				SWIFT_VERSION = 5.0;
				TARGETED_DEVICE_FAMILY = "1,2";
			};
			name = Release;
		};
/* End XCBuildConfiguration section */

/* Begin XCConfigurationList section */
		F12465072A67BAB500037D8C /* Build configuration list for PBXProject "SejongCommunity" */ = {
			isa = XCConfigurationList;
			buildConfigurations = (
				F124651E2A67BAB600037D8C /* Debug */,
				F124651F2A67BAB600037D8C /* Release */,
			);
			defaultConfigurationIsVisible = 0;
			defaultConfigurationName = Release;
		};
		F12465202A67BAB600037D8C /* Build configuration list for PBXNativeTarget "SejongCommunity" */ = {
			isa = XCConfigurationList;
			buildConfigurations = (
				F12465212A67BAB600037D8C /* Debug */,
				F12465222A67BAB600037D8C /* Release */,
			);
			defaultConfigurationIsVisible = 0;
			defaultConfigurationName = Release;
		};
/* End XCConfigurationList section */

/* Begin XCRemoteSwiftPackageReference section */
		E49CCEF22B03DBA3006D08B3 /* XCRemoteSwiftPackageReference "SnapKit" */ = {
			isa = XCRemoteSwiftPackageReference;
			repositoryURL = "https://github.com/SnapKit/SnapKit.git";
			requirement = {
				branch = develop;
				kind = branch;
			};
		};
		E49CCEF52B03DC12006D08B3 /* XCRemoteSwiftPackageReference "Kingfisher" */ = {
			isa = XCRemoteSwiftPackageReference;
			repositoryURL = "https://github.com/onevcat/Kingfisher.git";
			requirement = {
				kind = upToNextMajorVersion;
				minimumVersion = 7.0.0;
			};
		};
		E49CCEFB2B03DDC9006D08B3 /* XCRemoteSwiftPackageReference "Alamofire" */ = {
			isa = XCRemoteSwiftPackageReference;
			repositoryURL = "https://github.com/Alamofire/Alamofire.git";
			requirement = {
				branch = master;
				kind = branch;
			};
		};
		E4B1E7502ABD769A00CD4DE2 /* XCRemoteSwiftPackageReference "SwiftKeychainWrapper" */ = {
			isa = XCRemoteSwiftPackageReference;
			repositoryURL = "https://github.com/jrendel/SwiftKeychainWrapper.git";
			requirement = {
				branch = develop;
				kind = branch;
			};
		};
		E4D466582AB1B7DA003E5DD9 /* XCRemoteSwiftPackageReference "FSCalendar" */ = {
			isa = XCRemoteSwiftPackageReference;
			repositoryURL = "https://github.com/WenchaoD/FSCalendar.git";
			requirement = {
				kind = upToNextMajorVersion;
				minimumVersion = 2.0.0;
			};
		};
		F1E547992AC2B27E00671182 /* XCRemoteSwiftPackageReference "Charts" */ = {
			isa = XCRemoteSwiftPackageReference;
			repositoryURL = "https://github.com/danielgindi/Charts.git";
			requirement = {
				kind = upToNextMajorVersion;
				minimumVersion = 5.0.0;
			};
		};
/* End XCRemoteSwiftPackageReference section */

/* Begin XCSwiftPackageProductDependency section */
		E49CCEF32B03DBA3006D08B3 /* SnapKit */ = {
			isa = XCSwiftPackageProductDependency;
			package = E49CCEF22B03DBA3006D08B3 /* XCRemoteSwiftPackageReference "SnapKit" */;
			productName = SnapKit;
		};
		E49CCEF62B03DC12006D08B3 /* Kingfisher */ = {
			isa = XCSwiftPackageProductDependency;
			package = E49CCEF52B03DC12006D08B3 /* XCRemoteSwiftPackageReference "Kingfisher" */;
			productName = Kingfisher;
		};
		E49CCEFC2B03DDC9006D08B3 /* Alamofire */ = {
			isa = XCSwiftPackageProductDependency;
			package = E49CCEFB2B03DDC9006D08B3 /* XCRemoteSwiftPackageReference "Alamofire" */;
			productName = Alamofire;
		};
		E4B1E7512ABD769A00CD4DE2 /* SwiftKeychainWrapper */ = {
			isa = XCSwiftPackageProductDependency;
			package = E4B1E7502ABD769A00CD4DE2 /* XCRemoteSwiftPackageReference "SwiftKeychainWrapper" */;
			productName = SwiftKeychainWrapper;
		};
		E4D466592AB1B7DA003E5DD9 /* FSCalendar */ = {
			isa = XCSwiftPackageProductDependency;
			package = E4D466582AB1B7DA003E5DD9 /* XCRemoteSwiftPackageReference "FSCalendar" */;
			productName = FSCalendar;
		};
		F1E5479A2AC2B27E00671182 /* DGCharts */ = {
			isa = XCSwiftPackageProductDependency;
			package = F1E547992AC2B27E00671182 /* XCRemoteSwiftPackageReference "Charts" */;
			productName = DGCharts;
		};
/* End XCSwiftPackageProductDependency section */
	};
	rootObject = F12465042A67BAB500037D8C /* Project object */;
}
